// !$*UTF8*$!
{
	archiveVersion = 1;
	classes = {
	};
	objectVersion = 48;
	objects = {

/* Begin PBXBuildFile section */
		6311EE59222A9F5400B5A87F /* Dots.metal in Sources */ = {isa = PBXBuildFile; fileRef = 6311EE58222A9F5400B5A87F /* Dots.metal */; };
		632D27BF20389456000562F0 /* Lighting.metal in Sources */ = {isa = PBXBuildFile; fileRef = 632D27B820389456000562F0 /* Lighting.metal */; };
		632D27C020389456000562F0 /* Sprites.metal in Sources */ = {isa = PBXBuildFile; fileRef = 632D27B920389456000562F0 /* Sprites.metal */; };
		632D27C120389456000562F0 /* Shaders.metal in Sources */ = {isa = PBXBuildFile; fileRef = 632D27BA20389456000562F0 /* Shaders.metal */; };
		632D27C220389456000562F0 /* TextRendering.metal in Sources */ = {isa = PBXBuildFile; fileRef = 632D27BB20389456000562F0 /* TextRendering.metal */; };
		632D27C320389456000562F0 /* Transparency.metal in Sources */ = {isa = PBXBuildFile; fileRef = 632D27BC20389456000562F0 /* Transparency.metal */; };
		632D27C420389456000562F0 /* Fx.metal in Sources */ = {isa = PBXBuildFile; fileRef = 632D27BD20389456000562F0 /* Fx.metal */; };
		632D27C520389456000562F0 /* ShaderMath.metal in Sources */ = {isa = PBXBuildFile; fileRef = 632D27BE20389456000562F0 /* ShaderMath.metal */; };
		637215ED2141D6850077F456 /* AR.metal in Sources */ = {isa = PBXBuildFile; fileRef = 637215EC2141D6850077F456 /* AR.metal */; };
		6389DFBC2221F48B001625B4 /* Harmonics.metal in Sources */ = {isa = PBXBuildFile; fileRef = 6389DFBB2221F48B001625B4 /* Harmonics.metal */; };
		6389DFC222235073001625B4 /* Skybox.metal in Sources */ = {isa = PBXBuildFile; fileRef = 6389DFC122235073001625B4 /* Skybox.metal */; };
/* End PBXBuildFile section */

/* Begin PBXFileReference section */
		6311EE58222A9F5400B5A87F /* Dots.metal */ = {isa = PBXFileReference; lastKnownFileType = sourcecode.metal; path = Dots.metal; sourceTree = "<group>"; };
		632D27AE20389353000562F0 /* VidMetalLib.metallib */ = {isa = PBXFileReference; explicitFileType = "archive.metal-library"; includeInIndex = 0; path = VidMetalLib.metallib; sourceTree = BUILT_PRODUCTS_DIR; };
		632D27B820389456000562F0 /* Lighting.metal */ = {isa = PBXFileReference; fileEncoding = 4; lastKnownFileType = sourcecode.metal; path = Lighting.metal; sourceTree = "<group>"; };
		632D27B920389456000562F0 /* Sprites.metal */ = {isa = PBXFileReference; fileEncoding = 4; lastKnownFileType = sourcecode.metal; path = Sprites.metal; sourceTree = "<group>"; };
		632D27BA20389456000562F0 /* Shaders.metal */ = {isa = PBXFileReference; fileEncoding = 4; lastKnownFileType = sourcecode.metal; path = Shaders.metal; sourceTree = "<group>"; };
		632D27BB20389456000562F0 /* TextRendering.metal */ = {isa = PBXFileReference; fileEncoding = 4; lastKnownFileType = sourcecode.metal; path = TextRendering.metal; sourceTree = "<group>"; };
		632D27BC20389456000562F0 /* Transparency.metal */ = {isa = PBXFileReference; fileEncoding = 4; lastKnownFileType = sourcecode.metal; path = Transparency.metal; sourceTree = "<group>"; };
		632D27BD20389456000562F0 /* Fx.metal */ = {isa = PBXFileReference; fileEncoding = 4; lastKnownFileType = sourcecode.metal; path = Fx.metal; sourceTree = "<group>"; };
		632D27BE20389456000562F0 /* ShaderMath.metal */ = {isa = PBXFileReference; fileEncoding = 4; lastKnownFileType = sourcecode.metal; path = ShaderMath.metal; sourceTree = "<group>"; };
		632D27C62038946F000562F0 /* ShaderCommon.h */ = {isa = PBXFileReference; fileEncoding = 4; lastKnownFileType = sourcecode.c.h; path = ShaderCommon.h; sourceTree = "<group>"; };
		632D27C72038946F000562F0 /* ShaderMath.h */ = {isa = PBXFileReference; fileEncoding = 4; lastKnownFileType = sourcecode.c.h; path = ShaderMath.h; sourceTree = "<group>"; };
		637215EC2141D6850077F456 /* AR.metal */ = {isa = PBXFileReference; lastKnownFileType = sourcecode.metal; path = AR.metal; sourceTree = "<group>"; };
		637215EE2141D6F80077F456 /* ShaderTypes.h */ = {isa = PBXFileReference; lastKnownFileType = sourcecode.c.h; path = ShaderTypes.h; sourceTree = "<group>"; };
		6389DFBB2221F48B001625B4 /* Harmonics.metal */ = {isa = PBXFileReference; lastKnownFileType = sourcecode.metal; path = Harmonics.metal; sourceTree = "<group>"; };
		6389DFC122235073001625B4 /* Skybox.metal */ = {isa = PBXFileReference; lastKnownFileType = sourcecode.metal; path = Skybox.metal; sourceTree = "<group>"; };
/* End PBXFileReference section */

/* Begin PBXGroup section */
		632D27A720389353000562F0 = {
			isa = PBXGroup;
			children = (
				632D27B020389353000562F0 /* VidMetalLib */,
				632D27AF20389353000562F0 /* Products */,
			);
			sourceTree = "<group>";
		};
		632D27AF20389353000562F0 /* Products */ = {
			isa = PBXGroup;
			children = (
				632D27AE20389353000562F0 /* VidMetalLib.metallib */,
			);
			name = Products;
			sourceTree = "<group>";
		};
		632D27B020389353000562F0 /* VidMetalLib */ = {
			isa = PBXGroup;
			children = (
				637215EC2141D6850077F456 /* AR.metal */,
				6311EE58222A9F5400B5A87F /* Dots.metal */,
				632D27BD20389456000562F0 /* Fx.metal */,
				6389DFBB2221F48B001625B4 /* Harmonics.metal */,
				632D27B820389456000562F0 /* Lighting.metal */,
				632D27C62038946F000562F0 /* ShaderCommon.h */,
				632D27C72038946F000562F0 /* ShaderMath.h */,
				632D27BE20389456000562F0 /* ShaderMath.metal */,
				632D27BA20389456000562F0 /* Shaders.metal */,
				637215EE2141D6F80077F456 /* ShaderTypes.h */,
				6389DFC122235073001625B4 /* Skybox.metal */,
				632D27B920389456000562F0 /* Sprites.metal */,
				632D27BB20389456000562F0 /* TextRendering.metal */,
				632D27BC20389456000562F0 /* Transparency.metal */,
			);
			path = VidMetalLib;
			sourceTree = "<group>";
		};
/* End PBXGroup section */

/* Begin PBXNativeTarget section */
		632D27AD20389353000562F0 /* VidMetalLib */ = {
			isa = PBXNativeTarget;
			buildConfigurationList = 632D27B520389353000562F0 /* Build configuration list for PBXNativeTarget "VidMetalLib" */;
			buildPhases = (
				632D27AC20389353000562F0 /* Sources */,
			);
			buildRules = (
			);
			dependencies = (
			);
			name = VidMetalLib;
			productName = VidMetalLib;
			productReference = 632D27AE20389353000562F0 /* VidMetalLib.metallib */;
			productType = "com.apple.product-type.metal-library";
		};
/* End PBXNativeTarget section */

/* Begin PBXProject section */
		632D27A820389353000562F0 /* Project object */ = {
			isa = PBXProject;
			attributes = {
				LastUpgradeCheck = 0930;
				ORGANIZATIONNAME = "David Gavilan";
				TargetAttributes = {
					632D27AD20389353000562F0 = {
						CreatedOnToolsVersion = 9.2;
						ProvisioningStyle = Automatic;
					};
				};
			};
			buildConfigurationList = 632D27AB20389353000562F0 /* Build configuration list for PBXProject "VidMetalLib" */;
			compatibilityVersion = "Xcode 8.0";
			developmentRegion = en;
			hasScannedForEncodings = 0;
			knownRegions = (
				en,
			);
			mainGroup = 632D27A720389353000562F0;
			productRefGroup = 632D27AF20389353000562F0 /* Products */;
			projectDirPath = "";
			projectRoot = "";
			targets = (
				632D27AD20389353000562F0 /* VidMetalLib */,
			);
		};
/* End PBXProject section */

/* Begin PBXSourcesBuildPhase section */
		632D27AC20389353000562F0 /* Sources */ = {
			isa = PBXSourcesBuildPhase;
			buildActionMask = 2147483647;
			files = (
				632D27C120389456000562F0 /* Shaders.metal in Sources */,
				6389DFBC2221F48B001625B4 /* Harmonics.metal in Sources */,
				632D27C520389456000562F0 /* ShaderMath.metal in Sources */,
				632D27C020389456000562F0 /* Sprites.metal in Sources */,
				632D27BF20389456000562F0 /* Lighting.metal in Sources */,
				6311EE59222A9F5400B5A87F /* Dots.metal in Sources */,
				6389DFC222235073001625B4 /* Skybox.metal in Sources */,
				637215ED2141D6850077F456 /* AR.metal in Sources */,
				632D27C420389456000562F0 /* Fx.metal in Sources */,
				632D27C320389456000562F0 /* Transparency.metal in Sources */,
				632D27C220389456000562F0 /* TextRendering.metal in Sources */,
			);
			runOnlyForDeploymentPostprocessing = 0;
		};
/* End PBXSourcesBuildPhase section */

/* Begin XCBuildConfiguration section */
		632D27B320389353000562F0 /* Debug */ = {
			isa = XCBuildConfiguration;
			buildSettings = {
				CLANG_WARN_BLOCK_CAPTURE_AUTORELEASING = YES;
				CLANG_WARN_BOOL_CONVERSION = YES;
				CLANG_WARN_COMMA = YES;
				CLANG_WARN_CONSTANT_CONVERSION = YES;
				CLANG_WARN_DEPRECATED_OBJC_IMPLEMENTATIONS = YES;
				CLANG_WARN_EMPTY_BODY = YES;
				CLANG_WARN_ENUM_CONVERSION = YES;
				CLANG_WARN_INFINITE_RECURSION = YES;
				CLANG_WARN_INT_CONVERSION = YES;
				CLANG_WARN_NON_LITERAL_NULL_CONVERSION = YES;
				CLANG_WARN_OBJC_IMPLICIT_RETAIN_SELF = YES;
				CLANG_WARN_OBJC_LITERAL_CONVERSION = YES;
				CLANG_WARN_RANGE_LOOP_ANALYSIS = YES;
				CLANG_WARN_STRICT_PROTOTYPES = YES;
				CLANG_WARN_SUSPICIOUS_MOVE = YES;
				CLANG_WARN_UNREACHABLE_CODE = YES;
				CLANG_WARN__DUPLICATE_METHOD_MATCH = YES;
				ENABLE_STRICT_OBJC_MSGSEND = YES;
				ENABLE_TESTABILITY = YES;
				GCC_NO_COMMON_BLOCKS = YES;
				GCC_WARN_64_TO_32_BIT_CONVERSION = YES;
				GCC_WARN_ABOUT_RETURN_TYPE = YES;
				GCC_WARN_UNDECLARED_SELECTOR = YES;
				GCC_WARN_UNINITIALIZED_AUTOS = YES;
				GCC_WARN_UNUSED_FUNCTION = YES;
				GCC_WARN_UNUSED_VARIABLE = YES;
				IPHONEOS_DEPLOYMENT_TARGET = 12.1;
				MTL_ENABLE_DEBUG_INFO = YES;
				ONLY_ACTIVE_ARCH = YES;
				SDKROOT = iphoneos;
			};
			name = Debug;
		};
		632D27B420389353000562F0 /* Release */ = {
			isa = XCBuildConfiguration;
			buildSettings = {
				CLANG_WARN_BLOCK_CAPTURE_AUTORELEASING = YES;
				CLANG_WARN_BOOL_CONVERSION = YES;
				CLANG_WARN_COMMA = YES;
				CLANG_WARN_CONSTANT_CONVERSION = YES;
				CLANG_WARN_DEPRECATED_OBJC_IMPLEMENTATIONS = YES;
				CLANG_WARN_EMPTY_BODY = YES;
				CLANG_WARN_ENUM_CONVERSION = YES;
				CLANG_WARN_INFINITE_RECURSION = YES;
				CLANG_WARN_INT_CONVERSION = YES;
				CLANG_WARN_NON_LITERAL_NULL_CONVERSION = YES;
				CLANG_WARN_OBJC_IMPLICIT_RETAIN_SELF = YES;
				CLANG_WARN_OBJC_LITERAL_CONVERSION = YES;
				CLANG_WARN_RANGE_LOOP_ANALYSIS = YES;
				CLANG_WARN_STRICT_PROTOTYPES = YES;
				CLANG_WARN_SUSPICIOUS_MOVE = YES;
				CLANG_WARN_UNREACHABLE_CODE = YES;
				CLANG_WARN__DUPLICATE_METHOD_MATCH = YES;
				ENABLE_STRICT_OBJC_MSGSEND = YES;
				GCC_NO_COMMON_BLOCKS = YES;
				GCC_WARN_64_TO_32_BIT_CONVERSION = YES;
				GCC_WARN_ABOUT_RETURN_TYPE = YES;
				GCC_WARN_UNDECLARED_SELECTOR = YES;
				GCC_WARN_UNINITIALIZED_AUTOS = YES;
				GCC_WARN_UNUSED_FUNCTION = YES;
				GCC_WARN_UNUSED_VARIABLE = YES;
				IPHONEOS_DEPLOYMENT_TARGET = 12.1;
				MTL_ENABLE_DEBUG_INFO = NO;
				SDKROOT = iphoneos;
			};
			name = Release;
		};
		632D27B620389353000562F0 /* Debug */ = {
			isa = XCBuildConfiguration;
			buildSettings = {
				CLANG_ENABLE_OBJC_WEAK = YES;
				CODE_SIGN_STYLE = Automatic;
				DEVELOPMENT_TEAM = 7JBVTX94L2;
				PRODUCT_NAME = "$(TARGET_NAME)";
			};
			name = Debug;
		};
		632D27B720389353000562F0 /* Release */ = {
			isa = XCBuildConfiguration;
			buildSettings = {
				CLANG_ENABLE_OBJC_WEAK = YES;
				CODE_SIGN_STYLE = Automatic;
				DEVELOPMENT_TEAM = 7JBVTX94L2;
				PRODUCT_NAME = "$(TARGET_NAME)";
			};
			name = Release;
		};
/* End XCBuildConfiguration section */

/* Begin XCConfigurationList section */
		632D27AB20389353000562F0 /* Build configuration list for PBXProject "VidMetalLib" */ = {
			isa = XCConfigurationList;
			buildConfigurations = (
				632D27B320389353000562F0 /* Debug */,
				632D27B420389353000562F0 /* Release */,
			);
			defaultConfigurationIsVisible = 0;
			defaultConfigurationName = Release;
		};
		632D27B520389353000562F0 /* Build configuration list for PBXNativeTarget "VidMetalLib" */ = {
			isa = XCConfigurationList;
			buildConfigurations = (
				632D27B620389353000562F0 /* Debug */,
				632D27B720389353000562F0 /* Release */,
			);
			defaultConfigurationIsVisible = 0;
			defaultConfigurationName = Release;
		};
/* End XCConfigurationList section */
	};
	rootObject = 632D27A820389353000562F0 /* Project object */;
}
