// !$*UTF8*$!
{
	archiveVersion = 1;
	classes = {
	};
	objectVersion = 46;
	objects = {

/* Begin PBXBuildFile section */
		63DEAA411CAC97AA00B6FA98 /* AppDelegate.swift in Sources */ = {isa = PBXBuildFile; fileRef = 63DEAA401CAC97AA00B6FA98 /* AppDelegate.swift */; };
		63DEAA431CAC97AA00B6FA98 /* GameViewController.swift in Sources */ = {isa = PBXBuildFile; fileRef = 63DEAA421CAC97AA00B6FA98 /* GameViewController.swift */; };
		63DEAA451CAC97AA00B6FA98 /* Shaders.metal in Sources */ = {isa = PBXBuildFile; fileRef = 63DEAA441CAC97AA00B6FA98 /* Shaders.metal */; };
		63DEAA481CAC97AA00B6FA98 /* Main.storyboard in Resources */ = {isa = PBXBuildFile; fileRef = 63DEAA461CAC97AA00B6FA98 /* Main.storyboard */; };
		63DEAA4A1CAC97AA00B6FA98 /* Assets.xcassets in Resources */ = {isa = PBXBuildFile; fileRef = 63DEAA491CAC97AA00B6FA98 /* Assets.xcassets */; };
		63DEAA4D1CAC97AA00B6FA98 /* LaunchScreen.storyboard in Resources */ = {isa = PBXBuildFile; fileRef = 63DEAA4B1CAC97AA00B6FA98 /* LaunchScreen.storyboard */; };
		63DEAA581CAC97AA00B6FA98 /* metaltestTests.swift in Sources */ = {isa = PBXBuildFile; fileRef = 63DEAA571CAC97AA00B6FA98 /* metaltestTests.swift */; };
		63DEAA631CAC97AA00B6FA98 /* metaltestUITests.swift in Sources */ = {isa = PBXBuildFile; fileRef = 63DEAA621CAC97AA00B6FA98 /* metaltestUITests.swift */; };
		63EA88FF1D1ABFAF00B97B99 /* Math.swift in Sources */ = {isa = PBXBuildFile; fileRef = 63EA88FE1D1ABFAF00B97B99 /* Math.swift */; };
/* End PBXBuildFile section */

/* Begin PBXContainerItemProxy section */
		63DEAA541CAC97AA00B6FA98 /* PBXContainerItemProxy */ = {
			isa = PBXContainerItemProxy;
			containerPortal = 63DEAA351CAC97AA00B6FA98 /* Project object */;
			proxyType = 1;
			remoteGlobalIDString = 63DEAA3C1CAC97AA00B6FA98;
			remoteInfo = metaltest;
		};
		63DEAA5F1CAC97AA00B6FA98 /* PBXContainerItemProxy */ = {
			isa = PBXContainerItemProxy;
			containerPortal = 63DEAA351CAC97AA00B6FA98 /* Project object */;
			proxyType = 1;
			remoteGlobalIDString = 63DEAA3C1CAC97AA00B6FA98;
			remoteInfo = metaltest;
		};
/* End PBXContainerItemProxy section */

/* Begin PBXFileReference section */
		63DEAA3D1CAC97AA00B6FA98 /* metaltest.app */ = {isa = PBXFileReference; explicitFileType = wrapper.application; includeInIndex = 0; path = metaltest.app; sourceTree = BUILT_PRODUCTS_DIR; };
		63DEAA401CAC97AA00B6FA98 /* AppDelegate.swift */ = {isa = PBXFileReference; lastKnownFileType = sourcecode.swift; path = AppDelegate.swift; sourceTree = "<group>"; };
		63DEAA421CAC97AA00B6FA98 /* GameViewController.swift */ = {isa = PBXFileReference; lastKnownFileType = sourcecode.swift; path = GameViewController.swift; sourceTree = "<group>"; };
		63DEAA441CAC97AA00B6FA98 /* Shaders.metal */ = {isa = PBXFileReference; lastKnownFileType = sourcecode.metal; path = Shaders.metal; sourceTree = "<group>"; };
		63DEAA471CAC97AA00B6FA98 /* Base */ = {isa = PBXFileReference; lastKnownFileType = file.storyboard; name = Base; path = Base.lproj/Main.storyboard; sourceTree = "<group>"; };
		63DEAA491CAC97AA00B6FA98 /* Assets.xcassets */ = {isa = PBXFileReference; lastKnownFileType = folder.assetcatalog; path = Assets.xcassets; sourceTree = "<group>"; };
		63DEAA4C1CAC97AA00B6FA98 /* Base */ = {isa = PBXFileReference; lastKnownFileType = file.storyboard; name = Base; path = Base.lproj/LaunchScreen.storyboard; sourceTree = "<group>"; };
		63DEAA4E1CAC97AA00B6FA98 /* Info.plist */ = {isa = PBXFileReference; lastKnownFileType = text.plist.xml; path = Info.plist; sourceTree = "<group>"; };
		63DEAA531CAC97AA00B6FA98 /* metaltestTests.xctest */ = {isa = PBXFileReference; explicitFileType = wrapper.cfbundle; includeInIndex = 0; path = metaltestTests.xctest; sourceTree = BUILT_PRODUCTS_DIR; };
		63DEAA571CAC97AA00B6FA98 /* metaltestTests.swift */ = {isa = PBXFileReference; lastKnownFileType = sourcecode.swift; path = metaltestTests.swift; sourceTree = "<group>"; };
		63DEAA591CAC97AA00B6FA98 /* Info.plist */ = {isa = PBXFileReference; lastKnownFileType = text.plist.xml; path = Info.plist; sourceTree = "<group>"; };
		63DEAA5E1CAC97AA00B6FA98 /* metaltestUITests.xctest */ = {isa = PBXFileReference; explicitFileType = wrapper.cfbundle; includeInIndex = 0; path = metaltestUITests.xctest; sourceTree = BUILT_PRODUCTS_DIR; };
		63DEAA621CAC97AA00B6FA98 /* metaltestUITests.swift */ = {isa = PBXFileReference; lastKnownFileType = sourcecode.swift; path = metaltestUITests.swift; sourceTree = "<group>"; };
		63DEAA641CAC97AA00B6FA98 /* Info.plist */ = {isa = PBXFileReference; lastKnownFileType = text.plist.xml; path = Info.plist; sourceTree = "<group>"; };
		63EA88FE1D1ABFAF00B97B99 /* Math.swift */ = {isa = PBXFileReference; fileEncoding = 4; lastKnownFileType = sourcecode.swift; name = Math.swift; path = math/Math.swift; sourceTree = "<group>"; };
/* End PBXFileReference section */

/* Begin PBXFrameworksBuildPhase section */
		63DEAA3A1CAC97AA00B6FA98 /* Frameworks */ = {
			isa = PBXFrameworksBuildPhase;
			buildActionMask = 2147483647;
			files = (
			);
			runOnlyForDeploymentPostprocessing = 0;
		};
		63DEAA501CAC97AA00B6FA98 /* Frameworks */ = {
			isa = PBXFrameworksBuildPhase;
			buildActionMask = 2147483647;
			files = (
			);
			runOnlyForDeploymentPostprocessing = 0;
		};
		63DEAA5B1CAC97AA00B6FA98 /* Frameworks */ = {
			isa = PBXFrameworksBuildPhase;
			buildActionMask = 2147483647;
			files = (
			);
			runOnlyForDeploymentPostprocessing = 0;
		};
/* End PBXFrameworksBuildPhase section */

/* Begin PBXGroup section */
		63DEAA341CAC97AA00B6FA98 = {
			isa = PBXGroup;
			children = (
				63DEAA3F1CAC97AA00B6FA98 /* metaltest */,
				63DEAA561CAC97AA00B6FA98 /* metaltestTests */,
				63DEAA611CAC97AA00B6FA98 /* metaltestUITests */,
				63DEAA3E1CAC97AA00B6FA98 /* Products */,
			);
			sourceTree = "<group>";
		};
		63DEAA3E1CAC97AA00B6FA98 /* Products */ = {
			isa = PBXGroup;
			children = (
				63DEAA3D1CAC97AA00B6FA98 /* metaltest.app */,
				63DEAA531CAC97AA00B6FA98 /* metaltestTests.xctest */,
				63DEAA5E1CAC97AA00B6FA98 /* metaltestUITests.xctest */,
			);
			name = Products;
			sourceTree = "<group>";
		};
		63DEAA3F1CAC97AA00B6FA98 /* metaltest */ = {
			isa = PBXGroup;
			children = (
				63EA88FD1D1ABF9000B97B99 /* math */,
				63DEAA401CAC97AA00B6FA98 /* AppDelegate.swift */,
				63DEAA421CAC97AA00B6FA98 /* GameViewController.swift */,
				63DEAA441CAC97AA00B6FA98 /* Shaders.metal */,
				63DEAA461CAC97AA00B6FA98 /* Main.storyboard */,
				63DEAA491CAC97AA00B6FA98 /* Assets.xcassets */,
				63DEAA4B1CAC97AA00B6FA98 /* LaunchScreen.storyboard */,
				63DEAA4E1CAC97AA00B6FA98 /* Info.plist */,
			);
			path = metaltest;
			sourceTree = "<group>";
		};
		63DEAA561CAC97AA00B6FA98 /* metaltestTests */ = {
			isa = PBXGroup;
			children = (
				63DEAA571CAC97AA00B6FA98 /* metaltestTests.swift */,
				63DEAA591CAC97AA00B6FA98 /* Info.plist */,
			);
			path = metaltestTests;
			sourceTree = "<group>";
		};
		63DEAA611CAC97AA00B6FA98 /* metaltestUITests */ = {
			isa = PBXGroup;
			children = (
				63DEAA621CAC97AA00B6FA98 /* metaltestUITests.swift */,
				63DEAA641CAC97AA00B6FA98 /* Info.plist */,
			);
			path = metaltestUITests;
			sourceTree = "<group>";
		};
		63EA88FD1D1ABF9000B97B99 /* math */ = {
			isa = PBXGroup;
			children = (
				63EA88FE1D1ABFAF00B97B99 /* Math.swift */,
			);
			name = math;
			sourceTree = "<group>";
		};
/* End PBXGroup section */

/* Begin PBXNativeTarget section */
		63DEAA3C1CAC97AA00B6FA98 /* metaltest */ = {
			isa = PBXNativeTarget;
			buildConfigurationList = 63DEAA671CAC97AA00B6FA98 /* Build configuration list for PBXNativeTarget "metaltest" */;
			buildPhases = (
				63DEAA391CAC97AA00B6FA98 /* Sources */,
				63DEAA3A1CAC97AA00B6FA98 /* Frameworks */,
				63DEAA3B1CAC97AA00B6FA98 /* Resources */,
			);
			buildRules = (
			);
			dependencies = (
			);
			name = metaltest;
			productName = metaltest;
			productReference = 63DEAA3D1CAC97AA00B6FA98 /* metaltest.app */;
			productType = "com.apple.product-type.application";
		};
		63DEAA521CAC97AA00B6FA98 /* metaltestTests */ = {
			isa = PBXNativeTarget;
			buildConfigurationList = 63DEAA6A1CAC97AA00B6FA98 /* Build configuration list for PBXNativeTarget "metaltestTests" */;
			buildPhases = (
				63DEAA4F1CAC97AA00B6FA98 /* Sources */,
				63DEAA501CAC97AA00B6FA98 /* Frameworks */,
				63DEAA511CAC97AA00B6FA98 /* Resources */,
			);
			buildRules = (
			);
			dependencies = (
				63DEAA551CAC97AA00B6FA98 /* PBXTargetDependency */,
			);
			name = metaltestTests;
			productName = metaltestTests;
			productReference = 63DEAA531CAC97AA00B6FA98 /* metaltestTests.xctest */;
			productType = "com.apple.product-type.bundle.unit-test";
		};
		63DEAA5D1CAC97AA00B6FA98 /* metaltestUITests */ = {
			isa = PBXNativeTarget;
			buildConfigurationList = 63DEAA6D1CAC97AA00B6FA98 /* Build configuration list for PBXNativeTarget "metaltestUITests" */;
			buildPhases = (
				63DEAA5A1CAC97AA00B6FA98 /* Sources */,
				63DEAA5B1CAC97AA00B6FA98 /* Frameworks */,
				63DEAA5C1CAC97AA00B6FA98 /* Resources */,
			);
			buildRules = (
			);
			dependencies = (
				63DEAA601CAC97AA00B6FA98 /* PBXTargetDependency */,
			);
			name = metaltestUITests;
			productName = metaltestUITests;
			productReference = 63DEAA5E1CAC97AA00B6FA98 /* metaltestUITests.xctest */;
			productType = "com.apple.product-type.bundle.ui-testing";
		};
/* End PBXNativeTarget section */

/* Begin PBXProject section */
		63DEAA351CAC97AA00B6FA98 /* Project object */ = {
			isa = PBXProject;
			attributes = {
				LastSwiftUpdateCheck = 0730;
				LastUpgradeCheck = 0730;
				ORGANIZATIONNAME = "David Gavilan";
				TargetAttributes = {
					63DEAA3C1CAC97AA00B6FA98 = {
						CreatedOnToolsVersion = 7.3;
					};
					63DEAA521CAC97AA00B6FA98 = {
						CreatedOnToolsVersion = 7.3;
						TestTargetID = 63DEAA3C1CAC97AA00B6FA98;
					};
					63DEAA5D1CAC97AA00B6FA98 = {
						CreatedOnToolsVersion = 7.3;
						TestTargetID = 63DEAA3C1CAC97AA00B6FA98;
					};
				};
			};
			buildConfigurationList = 63DEAA381CAC97AA00B6FA98 /* Build configuration list for PBXProject "metaltest" */;
			compatibilityVersion = "Xcode 3.2";
			developmentRegion = English;
			hasScannedForEncodings = 0;
			knownRegions = (
				en,
				Base,
			);
			mainGroup = 63DEAA341CAC97AA00B6FA98;
			productRefGroup = 63DEAA3E1CAC97AA00B6FA98 /* Products */;
			projectDirPath = "";
			projectRoot = "";
			targets = (
				63DEAA3C1CAC97AA00B6FA98 /* metaltest */,
				63DEAA521CAC97AA00B6FA98 /* metaltestTests */,
				63DEAA5D1CAC97AA00B6FA98 /* metaltestUITests */,
			);
		};
/* End PBXProject section */

/* Begin PBXResourcesBuildPhase section */
		63DEAA3B1CAC97AA00B6FA98 /* Resources */ = {
			isa = PBXResourcesBuildPhase;
			buildActionMask = 2147483647;
			files = (
				63DEAA4D1CAC97AA00B6FA98 /* LaunchScreen.storyboard in Resources */,
				63DEAA4A1CAC97AA00B6FA98 /* Assets.xcassets in Resources */,
				63DEAA481CAC97AA00B6FA98 /* Main.storyboard in Resources */,
			);
			runOnlyForDeploymentPostprocessing = 0;
		};
		63DEAA511CAC97AA00B6FA98 /* Resources */ = {
			isa = PBXResourcesBuildPhase;
			buildActionMask = 2147483647;
			files = (
			);
			runOnlyForDeploymentPostprocessing = 0;
		};
		63DEAA5C1CAC97AA00B6FA98 /* Resources */ = {
			isa = PBXResourcesBuildPhase;
			buildActionMask = 2147483647;
			files = (
			);
			runOnlyForDeploymentPostprocessing = 0;
		};
/* End PBXResourcesBuildPhase section */

/* Begin PBXSourcesBuildPhase section */
		63DEAA391CAC97AA00B6FA98 /* Sources */ = {
			isa = PBXSourcesBuildPhase;
			buildActionMask = 2147483647;
			files = (
				63DEAA451CAC97AA00B6FA98 /* Shaders.metal in Sources */,
				63DEAA431CAC97AA00B6FA98 /* GameViewController.swift in Sources */,
				63DEAA411CAC97AA00B6FA98 /* AppDelegate.swift in Sources */,
				63EA88FF1D1ABFAF00B97B99 /* Math.swift in Sources */,
			);
			runOnlyForDeploymentPostprocessing = 0;
		};
		63DEAA4F1CAC97AA00B6FA98 /* Sources */ = {
			isa = PBXSourcesBuildPhase;
			buildActionMask = 2147483647;
			files = (
				63DEAA581CAC97AA00B6FA98 /* metaltestTests.swift in Sources */,
			);
			runOnlyForDeploymentPostprocessing = 0;
		};
		63DEAA5A1CAC97AA00B6FA98 /* Sources */ = {
			isa = PBXSourcesBuildPhase;
			buildActionMask = 2147483647;
			files = (
				63DEAA631CAC97AA00B6FA98 /* metaltestUITests.swift in Sources */,
			);
			runOnlyForDeploymentPostprocessing = 0;
		};
/* End PBXSourcesBuildPhase section */

/* Begin PBXTargetDependency section */
		63DEAA551CAC97AA00B6FA98 /* PBXTargetDependency */ = {
			isa = PBXTargetDependency;
			target = 63DEAA3C1CAC97AA00B6FA98 /* metaltest */;
			targetProxy = 63DEAA541CAC97AA00B6FA98 /* PBXContainerItemProxy */;
		};
		63DEAA601CAC97AA00B6FA98 /* PBXTargetDependency */ = {
			isa = PBXTargetDependency;
			target = 63DEAA3C1CAC97AA00B6FA98 /* metaltest */;
			targetProxy = 63DEAA5F1CAC97AA00B6FA98 /* PBXContainerItemProxy */;
		};
/* End PBXTargetDependency section */

/* Begin PBXVariantGroup section */
		63DEAA461CAC97AA00B6FA98 /* Main.storyboard */ = {
			isa = PBXVariantGroup;
			children = (
				63DEAA471CAC97AA00B6FA98 /* Base */,
			);
			name = Main.storyboard;
			sourceTree = "<group>";
		};
		63DEAA4B1CAC97AA00B6FA98 /* LaunchScreen.storyboard */ = {
			isa = PBXVariantGroup;
			children = (
				63DEAA4C1CAC97AA00B6FA98 /* Base */,
			);
			name = LaunchScreen.storyboard;
			sourceTree = "<group>";
		};
/* End PBXVariantGroup section */

/* Begin XCBuildConfiguration section */
		63DEAA651CAC97AA00B6FA98 /* Debug */ = {
			isa = XCBuildConfiguration;
			buildSettings = {
				ALWAYS_SEARCH_USER_PATHS = NO;
				CLANG_ANALYZER_NONNULL = YES;
				CLANG_CXX_LANGUAGE_STANDARD = "gnu++0x";
				CLANG_CXX_LIBRARY = "libc++";
				CLANG_ENABLE_MODULES = YES;
				CLANG_ENABLE_OBJC_ARC = YES;
				CLANG_WARN_BOOL_CONVERSION = YES;
				CLANG_WARN_CONSTANT_CONVERSION = YES;
				CLANG_WARN_DIRECT_OBJC_ISA_USAGE = YES_ERROR;
				CLANG_WARN_EMPTY_BODY = YES;
				CLANG_WARN_ENUM_CONVERSION = YES;
				CLANG_WARN_INT_CONVERSION = YES;
				CLANG_WARN_OBJC_ROOT_CLASS = YES_ERROR;
				CLANG_WARN_UNREACHABLE_CODE = YES;
				CLANG_WARN__DUPLICATE_METHOD_MATCH = YES;
				"CODE_SIGN_IDENTITY[sdk=iphoneos*]" = "iPhone Developer";
				COPY_PHASE_STRIP = NO;
				DEBUG_INFORMATION_FORMAT = "dwarf-with-dsym";
				ENABLE_STRICT_OBJC_MSGSEND = YES;
				ENABLE_TESTABILITY = YES;
				GCC_C_LANGUAGE_STANDARD = gnu99;
				GCC_DYNAMIC_NO_PIC = NO;
				GCC_NO_COMMON_BLOCKS = YES;
				GCC_OPTIMIZATION_LEVEL = 0;
				GCC_PREPROCESSOR_DEFINITIONS = (
					"DEBUG=1",
					"$(inherited)",
				);
				GCC_WARN_64_TO_32_BIT_CONVERSION = YES;
				GCC_WARN_ABOUT_RETURN_TYPE = YES_ERROR;
				GCC_WARN_UNDECLARED_SELECTOR = YES;
				GCC_WARN_UNINITIALIZED_AUTOS = YES_AGGRESSIVE;
				GCC_WARN_UNUSED_FUNCTION = YES;
				GCC_WARN_UNUSED_VARIABLE = YES;
				IPHONEOS_DEPLOYMENT_TARGET = 9.3;
				MTL_ENABLE_DEBUG_INFO = YES;
				ONLY_ACTIVE_ARCH = YES;
				SDKROOT = iphoneos;
				SWIFT_OPTIMIZATION_LEVEL = "-Onone";
				TARGETED_DEVICE_FAMILY = "1,2";
			};
			name = Debug;
		};
		63DEAA661CAC97AA00B6FA98 /* Release */ = {
			isa = XCBuildConfiguration;
			buildSettings = {
				ALWAYS_SEARCH_USER_PATHS = NO;
				CLANG_ANALYZER_NONNULL = YES;
				CLANG_CXX_LANGUAGE_STANDARD = "gnu++0x";
				CLANG_CXX_LIBRARY = "libc++";
				CLANG_ENABLE_MODULES = YES;
				CLANG_ENABLE_OBJC_ARC = YES;
				CLANG_WARN_BOOL_CONVERSION = YES;
				CLANG_WARN_CONSTANT_CONVERSION = YES;
				CLANG_WARN_DIRECT_OBJC_ISA_USAGE = YES_ERROR;
				CLANG_WARN_EMPTY_BODY = YES;
				CLANG_WARN_ENUM_CONVERSION = YES;
				CLANG_WARN_INT_CONVERSION = YES;
				CLANG_WARN_OBJC_ROOT_CLASS = YES_ERROR;
				CLANG_WARN_UNREACHABLE_CODE = YES;
				CLANG_WARN__DUPLICATE_METHOD_MATCH = YES;
				"CODE_SIGN_IDENTITY[sdk=iphoneos*]" = "iPhone Developer";
				COPY_PHASE_STRIP = NO;
				DEBUG_INFORMATION_FORMAT = "dwarf-with-dsym";
				ENABLE_NS_ASSERTIONS = NO;
				ENABLE_STRICT_OBJC_MSGSEND = YES;
				GCC_C_LANGUAGE_STANDARD = gnu99;
				GCC_NO_COMMON_BLOCKS = YES;
				GCC_WARN_64_TO_32_BIT_CONVERSION = YES;
				GCC_WARN_ABOUT_RETURN_TYPE = YES_ERROR;
				GCC_WARN_UNDECLARED_SELECTOR = YES;
				GCC_WARN_UNINITIALIZED_AUTOS = YES_AGGRESSIVE;
				GCC_WARN_UNUSED_FUNCTION = YES;
				GCC_WARN_UNUSED_VARIABLE = YES;
				IPHONEOS_DEPLOYMENT_TARGET = 9.3;
				MTL_ENABLE_DEBUG_INFO = NO;
				SDKROOT = iphoneos;
				TARGETED_DEVICE_FAMILY = "1,2";
				VALIDATE_PRODUCT = YES;
			};
			name = Release;
		};
		63DEAA681CAC97AA00B6FA98 /* Debug */ = {
			isa = XCBuildConfiguration;
			buildSettings = {
				ASSETCATALOG_COMPILER_APPICON_NAME = AppIcon;
				INFOPLIST_FILE = metaltest/Info.plist;
				LD_RUNPATH_SEARCH_PATHS = "$(inherited) @executable_path/Frameworks";
				PRODUCT_BUNDLE_IDENTIFIER = com.endavid.metaltest;
				PRODUCT_NAME = "$(TARGET_NAME)";
			};
			name = Debug;
		};
		63DEAA691CAC97AA00B6FA98 /* Release */ = {
			isa = XCBuildConfiguration;
			buildSettings = {
				ASSETCATALOG_COMPILER_APPICON_NAME = AppIcon;
				INFOPLIST_FILE = metaltest/Info.plist;
				LD_RUNPATH_SEARCH_PATHS = "$(inherited) @executable_path/Frameworks";
				PRODUCT_BUNDLE_IDENTIFIER = com.endavid.metaltest;
				PRODUCT_NAME = "$(TARGET_NAME)";
			};
			name = Release;
		};
		63DEAA6B1CAC97AA00B6FA98 /* Debug */ = {
			isa = XCBuildConfiguration;
			buildSettings = {
				BUNDLE_LOADER = "$(TEST_HOST)";
				DEBUG_INFORMATION_FORMAT = dwarf;
				INFOPLIST_FILE = metaltestTests/Info.plist;
				LD_RUNPATH_SEARCH_PATHS = "$(inherited) @executable_path/Frameworks @loader_path/Frameworks";
				PRODUCT_BUNDLE_IDENTIFIER = com.endavid.metaltestTests;
				PRODUCT_NAME = "$(TARGET_NAME)";
				TEST_HOST = "$(BUILT_PRODUCTS_DIR)/metaltest.app/metaltest";
			};
			name = Debug;
		};
		63DEAA6C1CAC97AA00B6FA98 /* Release */ = {
			isa = XCBuildConfiguration;
			buildSettings = {
				BUNDLE_LOADER = "$(TEST_HOST)";
				INFOPLIST_FILE = metaltestTests/Info.plist;
				LD_RUNPATH_SEARCH_PATHS = "$(inherited) @executable_path/Frameworks @loader_path/Frameworks";
				PRODUCT_BUNDLE_IDENTIFIER = com.endavid.metaltestTests;
				PRODUCT_NAME = "$(TARGET_NAME)";
				TEST_HOST = "$(BUILT_PRODUCTS_DIR)/metaltest.app/metaltest";
			};
			name = Release;
		};
		63DEAA6E1CAC97AA00B6FA98 /* Debug */ = {
			isa = XCBuildConfiguration;
			buildSettings = {
				DEBUG_INFORMATION_FORMAT = dwarf;
				INFOPLIST_FILE = metaltestUITests/Info.plist;
				LD_RUNPATH_SEARCH_PATHS = "$(inherited) @executable_path/Frameworks @loader_path/Frameworks";
				PRODUCT_BUNDLE_IDENTIFIER = com.endavid.metaltestUITests;
				PRODUCT_NAME = "$(TARGET_NAME)";
				TEST_TARGET_NAME = metaltest;
			};
			name = Debug;
		};
		63DEAA6F1CAC97AA00B6FA98 /* Release */ = {
			isa = XCBuildConfiguration;
			buildSettings = {
				INFOPLIST_FILE = metaltestUITests/Info.plist;
				LD_RUNPATH_SEARCH_PATHS = "$(inherited) @executable_path/Frameworks @loader_path/Frameworks";
				PRODUCT_BUNDLE_IDENTIFIER = com.endavid.metaltestUITests;
				PRODUCT_NAME = "$(TARGET_NAME)";
				TEST_TARGET_NAME = metaltest;
			};
			name = Release;
		};
/* End XCBuildConfiguration section */

/* Begin XCConfigurationList section */
		63DEAA381CAC97AA00B6FA98 /* Build configuration list for PBXProject "metaltest" */ = {
			isa = XCConfigurationList;
			buildConfigurations = (
				63DEAA651CAC97AA00B6FA98 /* Debug */,
				63DEAA661CAC97AA00B6FA98 /* Release */,
			);
			defaultConfigurationIsVisible = 0;
			defaultConfigurationName = Release;
		};
		63DEAA671CAC97AA00B6FA98 /* Build configuration list for PBXNativeTarget "metaltest" */ = {
			isa = XCConfigurationList;
			buildConfigurations = (
				63DEAA681CAC97AA00B6FA98 /* Debug */,
				63DEAA691CAC97AA00B6FA98 /* Release */,
			);
			defaultConfigurationIsVisible = 0;
			defaultConfigurationName = Release;
		};
		63DEAA6A1CAC97AA00B6FA98 /* Build configuration list for PBXNativeTarget "metaltestTests" */ = {
			isa = XCConfigurationList;
			buildConfigurations = (
				63DEAA6B1CAC97AA00B6FA98 /* Debug */,
				63DEAA6C1CAC97AA00B6FA98 /* Release */,
			);
			defaultConfigurationIsVisible = 0;
			defaultConfigurationName = Release;
		};
		63DEAA6D1CAC97AA00B6FA98 /* Build configuration list for PBXNativeTarget "metaltestUITests" */ = {
			isa = XCConfigurationList;
			buildConfigurations = (
				63DEAA6E1CAC97AA00B6FA98 /* Debug */,
				63DEAA6F1CAC97AA00B6FA98 /* Release */,
			);
			defaultConfigurationIsVisible = 0;
			defaultConfigurationName = Release;
		};
/* End XCConfigurationList section */
	};
	rootObject = 63DEAA351CAC97AA00B6FA98 /* Project object */;
}
