// !$*UTF8*$!
{
	archiveVersion = 1;
	classes = {
	};
	objectVersion = 48;
	objects = {

/* Begin PBXBuildFile section */
		632D2875203988F0000562F0 /* AppDelegate.swift in Sources */ = {isa = PBXBuildFile; fileRef = 632D2874203988F0000562F0 /* AppDelegate.swift */; };
		632D2877203988F0000562F0 /* ViewController.swift in Sources */ = {isa = PBXBuildFile; fileRef = 632D2876203988F0000562F0 /* ViewController.swift */; };
		632D287A203988F0000562F0 /* Main.storyboard in Resources */ = {isa = PBXBuildFile; fileRef = 632D2878203988F0000562F0 /* Main.storyboard */; };
		632D287C203988F0000562F0 /* Assets.xcassets in Resources */ = {isa = PBXBuildFile; fileRef = 632D287B203988F0000562F0 /* Assets.xcassets */; };
		632D287F203988F0000562F0 /* LaunchScreen.storyboard in Resources */ = {isa = PBXBuildFile; fileRef = 632D287D203988F0000562F0 /* LaunchScreen.storyboard */; };
		632D288820398A58000562F0 /* Rain_Background-Mike_Koenig.mp3 in Resources */ = {isa = PBXBuildFile; fileRef = 632D288720398A58000562F0 /* Rain_Background-Mike_Koenig.mp3 */; };
		632D288A20398A9C000562F0 /* VidFramework.framework in Frameworks */ = {isa = PBXBuildFile; fileRef = 632D288B20398A9C000562F0 /* VidFramework.framework */; };
		632D288D20398ABB000562F0 /* VidFramework.framework in CopyFiles */ = {isa = PBXBuildFile; fileRef = 632D288B20398A9C000562F0 /* VidFramework.framework */; settings = {ATTRIBUTES = (CodeSignOnCopy, RemoveHeadersOnCopy, ); }; };
/* End PBXBuildFile section */

/* Begin PBXCopyFilesBuildPhase section */
		632D288C20398AB2000562F0 /* CopyFiles */ = {
			isa = PBXCopyFilesBuildPhase;
			buildActionMask = 2147483647;
			dstPath = "";
			dstSubfolderSpec = 10;
			files = (
				632D288D20398ABB000562F0 /* VidFramework.framework in CopyFiles */,
			);
			runOnlyForDeploymentPostprocessing = 0;
		};
/* End PBXCopyFilesBuildPhase section */

/* Begin PBXFileReference section */
		632D2871203988F0000562F0 /* SampleRain.app */ = {isa = PBXFileReference; explicitFileType = wrapper.application; includeInIndex = 0; path = SampleRain.app; sourceTree = BUILT_PRODUCTS_DIR; };
		632D2874203988F0000562F0 /* AppDelegate.swift */ = {isa = PBXFileReference; lastKnownFileType = sourcecode.swift; path = AppDelegate.swift; sourceTree = "<group>"; };
		632D2876203988F0000562F0 /* ViewController.swift */ = {isa = PBXFileReference; lastKnownFileType = sourcecode.swift; path = ViewController.swift; sourceTree = "<group>"; };
		632D2879203988F0000562F0 /* Base */ = {isa = PBXFileReference; lastKnownFileType = file.storyboard; name = Base; path = Base.lproj/Main.storyboard; sourceTree = "<group>"; };
		632D287B203988F0000562F0 /* Assets.xcassets */ = {isa = PBXFileReference; lastKnownFileType = folder.assetcatalog; path = Assets.xcassets; sourceTree = "<group>"; };
		632D287E203988F0000562F0 /* Base */ = {isa = PBXFileReference; lastKnownFileType = file.storyboard; name = Base; path = Base.lproj/LaunchScreen.storyboard; sourceTree = "<group>"; };
		632D2880203988F0000562F0 /* Info.plist */ = {isa = PBXFileReference; lastKnownFileType = text.plist.xml; path = Info.plist; sourceTree = "<group>"; };
		632D288720398A58000562F0 /* Rain_Background-Mike_Koenig.mp3 */ = {isa = PBXFileReference; lastKnownFileType = audio.mp3; path = "Rain_Background-Mike_Koenig.mp3"; sourceTree = "<group>"; };
		632D288B20398A9C000562F0 /* VidFramework.framework */ = {isa = PBXFileReference; explicitFileType = wrapper.framework; path = VidFramework.framework; sourceTree = BUILT_PRODUCTS_DIR; };
/* End PBXFileReference section */

/* Begin PBXFrameworksBuildPhase section */
		632D286E203988F0000562F0 /* Frameworks */ = {
			isa = PBXFrameworksBuildPhase;
			buildActionMask = 2147483647;
			files = (
				632D288A20398A9C000562F0 /* VidFramework.framework in Frameworks */,
			);
			runOnlyForDeploymentPostprocessing = 0;
		};
/* End PBXFrameworksBuildPhase section */

/* Begin PBXGroup section */
		632D2868203988F0000562F0 = {
			isa = PBXGroup;
			children = (
				632D2873203988F0000562F0 /* SampleRain */,
				632D2872203988F0000562F0 /* Products */,
				632D288920398A9C000562F0 /* Frameworks */,
			);
			sourceTree = "<group>";
		};
		632D2872203988F0000562F0 /* Products */ = {
			isa = PBXGroup;
			children = (
				632D2871203988F0000562F0 /* SampleRain.app */,
			);
			name = Products;
			sourceTree = "<group>";
		};
		632D2873203988F0000562F0 /* SampleRain */ = {
			isa = PBXGroup;
			children = (
				632D288620398A58000562F0 /* Resources */,
				632D2874203988F0000562F0 /* AppDelegate.swift */,
				632D2876203988F0000562F0 /* ViewController.swift */,
				632D2878203988F0000562F0 /* Main.storyboard */,
				632D287B203988F0000562F0 /* Assets.xcassets */,
				632D287D203988F0000562F0 /* LaunchScreen.storyboard */,
				632D2880203988F0000562F0 /* Info.plist */,
			);
			path = SampleRain;
			sourceTree = "<group>";
		};
		632D288620398A58000562F0 /* Resources */ = {
			isa = PBXGroup;
			children = (
				632D288720398A58000562F0 /* Rain_Background-Mike_Koenig.mp3 */,
			);
			path = Resources;
			sourceTree = "<group>";
		};
		632D288920398A9C000562F0 /* Frameworks */ = {
			isa = PBXGroup;
			children = (
				632D288B20398A9C000562F0 /* VidFramework.framework */,
			);
			name = Frameworks;
			sourceTree = "<group>";
		};
/* End PBXGroup section */

/* Begin PBXNativeTarget section */
		632D2870203988F0000562F0 /* SampleRain */ = {
			isa = PBXNativeTarget;
			buildConfigurationList = 632D2883203988F0000562F0 /* Build configuration list for PBXNativeTarget "SampleRain" */;
			buildPhases = (
				632D286D203988F0000562F0 /* Sources */,
				632D286E203988F0000562F0 /* Frameworks */,
				632D286F203988F0000562F0 /* Resources */,
				632D288C20398AB2000562F0 /* CopyFiles */,
			);
			buildRules = (
			);
			dependencies = (
			);
			name = SampleRain;
			productName = SampleRain;
			productReference = 632D2871203988F0000562F0 /* SampleRain.app */;
			productType = "com.apple.product-type.application";
		};
/* End PBXNativeTarget section */

/* Begin PBXProject section */
		632D2869203988F0000562F0 /* Project object */ = {
			isa = PBXProject;
			attributes = {
				LastSwiftUpdateCheck = 0920;
				LastUpgradeCheck = 0920;
				ORGANIZATIONNAME = "David Gavilan";
				TargetAttributes = {
					632D2870203988F0000562F0 = {
						CreatedOnToolsVersion = 9.2;
						ProvisioningStyle = Automatic;
					};
				};
			};
			buildConfigurationList = 632D286C203988F0000562F0 /* Build configuration list for PBXProject "SampleRain" */;
			compatibilityVersion = "Xcode 8.0";
			developmentRegion = en;
			hasScannedForEncodings = 0;
			knownRegions = (
				en,
				Base,
			);
			mainGroup = 632D2868203988F0000562F0;
			productRefGroup = 632D2872203988F0000562F0 /* Products */;
			projectDirPath = "";
			projectRoot = "";
			targets = (
				632D2870203988F0000562F0 /* SampleRain */,
			);
		};
/* End PBXProject section */

/* Begin PBXResourcesBuildPhase section */
		632D286F203988F0000562F0 /* Resources */ = {
			isa = PBXResourcesBuildPhase;
			buildActionMask = 2147483647;
			files = (
				632D287F203988F0000562F0 /* LaunchScreen.storyboard in Resources */,
				632D288820398A58000562F0 /* Rain_Background-Mike_Koenig.mp3 in Resources */,
				632D287C203988F0000562F0 /* Assets.xcassets in Resources */,
				632D287A203988F0000562F0 /* Main.storyboard in Resources */,
			);
			runOnlyForDeploymentPostprocessing = 0;
		};
/* End PBXResourcesBuildPhase section */

/* Begin PBXSourcesBuildPhase section */
		632D286D203988F0000562F0 /* Sources */ = {
			isa = PBXSourcesBuildPhase;
			buildActionMask = 2147483647;
			files = (
				632D2877203988F0000562F0 /* ViewController.swift in Sources */,
				632D2875203988F0000562F0 /* AppDelegate.swift in Sources */,
			);
			runOnlyForDeploymentPostprocessing = 0;
		};
/* End PBXSourcesBuildPhase section */

/* Begin PBXVariantGroup section */
		632D2878203988F0000562F0 /* Main.storyboard */ = {
			isa = PBXVariantGroup;
			children = (
				632D2879203988F0000562F0 /* Base */,
			);
			name = Main.storyboard;
			sourceTree = "<group>";
		};
		632D287D203988F0000562F0 /* LaunchScreen.storyboard */ = {
			isa = PBXVariantGroup;
			children = (
				632D287E203988F0000562F0 /* Base */,
			);
			name = LaunchScreen.storyboard;
			sourceTree = "<group>";
		};
/* End PBXVariantGroup section */

/* Begin XCBuildConfiguration section */
		632D2881203988F0000562F0 /* Debug */ = {
			isa = XCBuildConfiguration;
			buildSettings = {
				ALWAYS_SEARCH_USER_PATHS = NO;
				CLANG_ANALYZER_NONNULL = YES;
				CLANG_ANALYZER_NUMBER_OBJECT_CONVERSION = YES_AGGRESSIVE;
				CLANG_CXX_LANGUAGE_STANDARD = "gnu++14";
				CLANG_CXX_LIBRARY = "libc++";
				CLANG_ENABLE_MODULES = YES;
				CLANG_ENABLE_OBJC_ARC = YES;
				CLANG_WARN_BLOCK_CAPTURE_AUTORELEASING = YES;
				CLANG_WARN_BOOL_CONVERSION = YES;
				CLANG_WARN_COMMA = YES;
				CLANG_WARN_CONSTANT_CONVERSION = YES;
				CLANG_WARN_DIRECT_OBJC_ISA_USAGE = YES_ERROR;
				CLANG_WARN_DOCUMENTATION_COMMENTS = YES;
				CLANG_WARN_EMPTY_BODY = YES;
				CLANG_WARN_ENUM_CONVERSION = YES;
				CLANG_WARN_INFINITE_RECURSION = YES;
				CLANG_WARN_INT_CONVERSION = YES;
				CLANG_WARN_NON_LITERAL_NULL_CONVERSION = YES;
				CLANG_WARN_OBJC_LITERAL_CONVERSION = YES;
				CLANG_WARN_OBJC_ROOT_CLASS = YES_ERROR;
				CLANG_WARN_RANGE_LOOP_ANALYSIS = YES;
				CLANG_WARN_STRICT_PROTOTYPES = YES;
				CLANG_WARN_SUSPICIOUS_MOVE = YES;
				CLANG_WARN_UNGUARDED_AVAILABILITY = YES_AGGRESSIVE;
				CLANG_WARN_UNREACHABLE_CODE = YES;
				CLANG_WARN__DUPLICATE_METHOD_MATCH = YES;
				CODE_SIGN_IDENTITY = "iPhone Developer";
				COPY_PHASE_STRIP = NO;
				DEBUG_INFORMATION_FORMAT = dwarf;
				ENABLE_STRICT_OBJC_MSGSEND = YES;
				ENABLE_TESTABILITY = YES;
				GCC_C_LANGUAGE_STANDARD = gnu11;
				GCC_DYNAMIC_NO_PIC = NO;
				GCC_NO_COMMON_BLOCKS = YES;
				GCC_OPTIMIZATION_LEVEL = 0;
				GCC_PREPROCESSOR_DEFINITIONS = (
					"DEBUG=1",
					"$(inherited)",
				);
				GCC_WARN_64_TO_32_BIT_CONVERSION = YES;
				GCC_WARN_ABOUT_RETURN_TYPE = YES_ERROR;
				GCC_WARN_UNDECLARED_SELECTOR = YES;
				GCC_WARN_UNINITIALIZED_AUTOS = YES_AGGRESSIVE;
				GCC_WARN_UNUSED_FUNCTION = YES;
				GCC_WARN_UNUSED_VARIABLE = YES;
				IPHONEOS_DEPLOYMENT_TARGET = 11.2;
				MTL_ENABLE_DEBUG_INFO = YES;
				ONLY_ACTIVE_ARCH = YES;
				SDKROOT = iphoneos;
				SWIFT_ACTIVE_COMPILATION_CONDITIONS = DEBUG;
				SWIFT_OPTIMIZATION_LEVEL = "-Onone";
			};
			name = Debug;
		};
		632D2882203988F0000562F0 /* Release */ = {
			isa = XCBuildConfiguration;
			buildSettings = {
				ALWAYS_SEARCH_USER_PATHS = NO;
				CLANG_ANALYZER_NONNULL = YES;
				CLANG_ANALYZER_NUMBER_OBJECT_CONVERSION = YES_AGGRESSIVE;
				CLANG_CXX_LANGUAGE_STANDARD = "gnu++14";
				CLANG_CXX_LIBRARY = "libc++";
				CLANG_ENABLE_MODULES = YES;
				CLANG_ENABLE_OBJC_ARC = YES;
				CLANG_WARN_BLOCK_CAPTURE_AUTORELEASING = YES;
				CLANG_WARN_BOOL_CONVERSION = YES;
				CLANG_WARN_COMMA = YES;
				CLANG_WARN_CONSTANT_CONVERSION = YES;
				CLANG_WARN_DIRECT_OBJC_ISA_USAGE = YES_ERROR;
				CLANG_WARN_DOCUMENTATION_COMMENTS = YES;
				CLANG_WARN_EMPTY_BODY = YES;
				CLANG_WARN_ENUM_CONVERSION = YES;
				CLANG_WARN_INFINITE_RECURSION = YES;
				CLANG_WARN_INT_CONVERSION = YES;
				CLANG_WARN_NON_LITERAL_NULL_CONVERSION = YES;
				CLANG_WARN_OBJC_LITERAL_CONVERSION = YES;
				CLANG_WARN_OBJC_ROOT_CLASS = YES_ERROR;
				CLANG_WARN_RANGE_LOOP_ANALYSIS = YES;
				CLANG_WARN_STRICT_PROTOTYPES = YES;
				CLANG_WARN_SUSPICIOUS_MOVE = YES;
				CLANG_WARN_UNGUARDED_AVAILABILITY = YES_AGGRESSIVE;
				CLANG_WARN_UNREACHABLE_CODE = YES;
				CLANG_WARN__DUPLICATE_METHOD_MATCH = YES;
				CODE_SIGN_IDENTITY = "iPhone Developer";
				COPY_PHASE_STRIP = NO;
				DEBUG_INFORMATION_FORMAT = "dwarf-with-dsym";
				ENABLE_NS_ASSERTIONS = NO;
				ENABLE_STRICT_OBJC_MSGSEND = YES;
				GCC_C_LANGUAGE_STANDARD = gnu11;
				GCC_NO_COMMON_BLOCKS = YES;
				GCC_WARN_64_TO_32_BIT_CONVERSION = YES;
				GCC_WARN_ABOUT_RETURN_TYPE = YES_ERROR;
				GCC_WARN_UNDECLARED_SELECTOR = YES;
				GCC_WARN_UNINITIALIZED_AUTOS = YES_AGGRESSIVE;
				GCC_WARN_UNUSED_FUNCTION = YES;
				GCC_WARN_UNUSED_VARIABLE = YES;
				IPHONEOS_DEPLOYMENT_TARGET = 11.2;
				MTL_ENABLE_DEBUG_INFO = NO;
				SDKROOT = iphoneos;
				SWIFT_OPTIMIZATION_LEVEL = "-Owholemodule";
				VALIDATE_PRODUCT = YES;
			};
			name = Release;
		};
		632D2884203988F0000562F0 /* Debug */ = {
			isa = XCBuildConfiguration;
			buildSettings = {
				ASSETCATALOG_COMPILER_APPICON_NAME = AppIcon;
				CODE_SIGN_STYLE = Automatic;
				DEVELOPMENT_TEAM = 7JBVTX94L2;
				INFOPLIST_FILE = SampleRain/Info.plist;
				LD_RUNPATH_SEARCH_PATHS = "$(inherited) @executable_path/Frameworks";
				PRODUCT_BUNDLE_IDENTIFIER = com.endavid.SampleRain;
				PRODUCT_NAME = "$(TARGET_NAME)";
				SWIFT_VERSION = 4.0;
				TARGETED_DEVICE_FAMILY = "1,2";
			};
			name = Debug;
		};
		632D2885203988F0000562F0 /* Release */ = {
			isa = XCBuildConfiguration;
			buildSettings = {
				ASSETCATALOG_COMPILER_APPICON_NAME = AppIcon;
				CODE_SIGN_STYLE = Automatic;
				DEVELOPMENT_TEAM = 7JBVTX94L2;
				INFOPLIST_FILE = SampleRain/Info.plist;
				LD_RUNPATH_SEARCH_PATHS = "$(inherited) @executable_path/Frameworks";
				PRODUCT_BUNDLE_IDENTIFIER = com.endavid.SampleRain;
				PRODUCT_NAME = "$(TARGET_NAME)";
				SWIFT_VERSION = 4.0;
				TARGETED_DEVICE_FAMILY = "1,2";
			};
			name = Release;
		};
/* End XCBuildConfiguration section */

/* Begin XCConfigurationList section */
		632D286C203988F0000562F0 /* Build configuration list for PBXProject "SampleRain" */ = {
			isa = XCConfigurationList;
			buildConfigurations = (
				632D2881203988F0000562F0 /* Debug */,
				632D2882203988F0000562F0 /* Release */,
			);
			defaultConfigurationIsVisible = 0;
			defaultConfigurationName = Release;
		};
		632D2883203988F0000562F0 /* Build configuration list for PBXNativeTarget "SampleRain" */ = {
			isa = XCConfigurationList;
			buildConfigurations = (
				632D2884203988F0000562F0 /* Debug */,
				632D2885203988F0000562F0 /* Release */,
			);
			defaultConfigurationIsVisible = 0;
			defaultConfigurationName = Release;
		};
/* End XCConfigurationList section */
	};
	rootObject = 632D2869203988F0000562F0 /* Project object */;
}
