// !$*UTF8*$!
{
	archiveVersion = 1;
	classes = {
	};
	objectVersion = 48;
	objects = {

/* Begin PBXBuildFile section */
		632D289D203AC390000562F0 /* AppDelegate.swift in Sources */ = {isa = PBXBuildFile; fileRef = 632D289C203AC390000562F0 /* AppDelegate.swift */; };
		632D289F203AC390000562F0 /* ViewController.swift in Sources */ = {isa = PBXBuildFile; fileRef = 632D289E203AC390000562F0 /* ViewController.swift */; };
		632D28A2203AC390000562F0 /* Main.storyboard in Resources */ = {isa = PBXBuildFile; fileRef = 632D28A0203AC390000562F0 /* Main.storyboard */; };
		632D28A4203AC390000562F0 /* Assets.xcassets in Resources */ = {isa = PBXBuildFile; fileRef = 632D28A3203AC390000562F0 /* Assets.xcassets */; };
		632D28A7203AC390000562F0 /* LaunchScreen.storyboard in Resources */ = {isa = PBXBuildFile; fileRef = 632D28A5203AC390000562F0 /* LaunchScreen.storyboard */; };
		632D28AF203AC5D0000562F0 /* VidFramework.framework in Frameworks */ = {isa = PBXBuildFile; fileRef = 632D28B0203AC5D0000562F0 /* VidFramework.framework */; };
		632D28B2203AC5E3000562F0 /* VidFramework.framework in CopyFiles */ = {isa = PBXBuildFile; fileRef = 632D28B0203AC5D0000562F0 /* VidFramework.framework */; settings = {ATTRIBUTES = (CodeSignOnCopy, RemoveHeadersOnCopy, ); }; };
		632D28B6203AC741000562F0 /* CornellBox.mdla in Resources */ = {isa = PBXBuildFile; fileRef = 632D28B5203AC740000562F0 /* CornellBox.mdla */; };
/* End PBXBuildFile section */

/* Begin PBXCopyFilesBuildPhase section */
		632D28B1203AC5DD000562F0 /* CopyFiles */ = {
			isa = PBXCopyFilesBuildPhase;
			buildActionMask = 2147483647;
			dstPath = "";
			dstSubfolderSpec = 10;
			files = (
				632D28B2203AC5E3000562F0 /* VidFramework.framework in CopyFiles */,
			);
			runOnlyForDeploymentPostprocessing = 0;
		};
/* End PBXCopyFilesBuildPhase section */

/* Begin PBXFileReference section */
		632D2899203AC390000562F0 /* SampleCornellBox.app */ = {isa = PBXFileReference; explicitFileType = wrapper.application; includeInIndex = 0; path = SampleCornellBox.app; sourceTree = BUILT_PRODUCTS_DIR; };
		632D289C203AC390000562F0 /* AppDelegate.swift */ = {isa = PBXFileReference; lastKnownFileType = sourcecode.swift; path = AppDelegate.swift; sourceTree = "<group>"; };
		632D289E203AC390000562F0 /* ViewController.swift */ = {isa = PBXFileReference; lastKnownFileType = sourcecode.swift; path = ViewController.swift; sourceTree = "<group>"; };
		632D28A1203AC390000562F0 /* Base */ = {isa = PBXFileReference; lastKnownFileType = file.storyboard; name = Base; path = Base.lproj/Main.storyboard; sourceTree = "<group>"; };
		632D28A3203AC390000562F0 /* Assets.xcassets */ = {isa = PBXFileReference; lastKnownFileType = folder.assetcatalog; path = Assets.xcassets; sourceTree = "<group>"; };
		632D28A6203AC390000562F0 /* Base */ = {isa = PBXFileReference; lastKnownFileType = file.storyboard; name = Base; path = Base.lproj/LaunchScreen.storyboard; sourceTree = "<group>"; };
		632D28A8203AC390000562F0 /* Info.plist */ = {isa = PBXFileReference; lastKnownFileType = text.plist.xml; path = Info.plist; sourceTree = "<group>"; };
		632D28B0203AC5D0000562F0 /* VidFramework.framework */ = {isa = PBXFileReference; explicitFileType = wrapper.framework; path = VidFramework.framework; sourceTree = BUILT_PRODUCTS_DIR; };
		632D28B5203AC740000562F0 /* CornellBox.mdla */ = {isa = PBXFileReference; fileEncoding = 4; lastKnownFileType = text; path = CornellBox.mdla; sourceTree = "<group>"; };
/* End PBXFileReference section */

/* Begin PBXFrameworksBuildPhase section */
		632D2896203AC390000562F0 /* Frameworks */ = {
			isa = PBXFrameworksBuildPhase;
			buildActionMask = 2147483647;
			files = (
				632D28AF203AC5D0000562F0 /* VidFramework.framework in Frameworks */,
			);
			runOnlyForDeploymentPostprocessing = 0;
		};
/* End PBXFrameworksBuildPhase section */

/* Begin PBXGroup section */
		632D2890203AC390000562F0 = {
			isa = PBXGroup;
			children = (
				632D289B203AC390000562F0 /* SampleCornellBox */,
				632D289A203AC390000562F0 /* Products */,
				632D28AE203AC5D0000562F0 /* Frameworks */,
			);
			sourceTree = "<group>";
		};
		632D289A203AC390000562F0 /* Products */ = {
			isa = PBXGroup;
			children = (
				632D2899203AC390000562F0 /* SampleCornellBox.app */,
			);
			name = Products;
			sourceTree = "<group>";
		};
		632D289B203AC390000562F0 /* SampleCornellBox */ = {
			isa = PBXGroup;
			children = (
				632D28B3203AC740000562F0 /* Resources */,
				632D289C203AC390000562F0 /* AppDelegate.swift */,
				632D289E203AC390000562F0 /* ViewController.swift */,
				632D28A0203AC390000562F0 /* Main.storyboard */,
				632D28A3203AC390000562F0 /* Assets.xcassets */,
				632D28A5203AC390000562F0 /* LaunchScreen.storyboard */,
				632D28A8203AC390000562F0 /* Info.plist */,
			);
			path = SampleCornellBox;
			sourceTree = "<group>";
		};
		632D28AE203AC5D0000562F0 /* Frameworks */ = {
			isa = PBXGroup;
			children = (
				632D28B0203AC5D0000562F0 /* VidFramework.framework */,
			);
			name = Frameworks;
			sourceTree = "<group>";
		};
		632D28B3203AC740000562F0 /* Resources */ = {
			isa = PBXGroup;
			children = (
				632D28B4203AC740000562F0 /* scenes */,
			);
			path = Resources;
			sourceTree = "<group>";
		};
		632D28B4203AC740000562F0 /* scenes */ = {
			isa = PBXGroup;
			children = (
				632D28B5203AC740000562F0 /* CornellBox.mdla */,
			);
			path = scenes;
			sourceTree = "<group>";
		};
/* End PBXGroup section */

/* Begin PBXNativeTarget section */
		632D2898203AC390000562F0 /* SampleCornellBox */ = {
			isa = PBXNativeTarget;
			buildConfigurationList = 632D28AB203AC390000562F0 /* Build configuration list for PBXNativeTarget "SampleCornellBox" */;
			buildPhases = (
				632D2895203AC390000562F0 /* Sources */,
				632D2896203AC390000562F0 /* Frameworks */,
				632D2897203AC390000562F0 /* Resources */,
				632D28B1203AC5DD000562F0 /* CopyFiles */,
			);
			buildRules = (
			);
			dependencies = (
			);
			name = SampleCornellBox;
			productName = SampleCornellBox;
			productReference = 632D2899203AC390000562F0 /* SampleCornellBox.app */;
			productType = "com.apple.product-type.application";
		};
/* End PBXNativeTarget section */

/* Begin PBXProject section */
		632D2891203AC390000562F0 /* Project object */ = {
			isa = PBXProject;
			attributes = {
				LastSwiftUpdateCheck = 0920;
				LastUpgradeCheck = 1000;
				ORGANIZATIONNAME = "David Gavilan";
				TargetAttributes = {
					632D2898203AC390000562F0 = {
						CreatedOnToolsVersion = 9.2;
						LastSwiftMigration = 1020;
						ProvisioningStyle = Automatic;
					};
				};
			};
			buildConfigurationList = 632D2894203AC390000562F0 /* Build configuration list for PBXProject "SampleCornellBox" */;
			compatibilityVersion = "Xcode 8.0";
			developmentRegion = en;
			hasScannedForEncodings = 0;
			knownRegions = (
				en,
				Base,
			);
			mainGroup = 632D2890203AC390000562F0;
			productRefGroup = 632D289A203AC390000562F0 /* Products */;
			projectDirPath = "";
			projectRoot = "";
			targets = (
				632D2898203AC390000562F0 /* SampleCornellBox */,
			);
		};
/* End PBXProject section */

/* Begin PBXResourcesBuildPhase section */
		632D2897203AC390000562F0 /* Resources */ = {
			isa = PBXResourcesBuildPhase;
			buildActionMask = 2147483647;
			files = (
				632D28A7203AC390000562F0 /* LaunchScreen.storyboard in Resources */,
				632D28A4203AC390000562F0 /* Assets.xcassets in Resources */,
				632D28A2203AC390000562F0 /* Main.storyboard in Resources */,
				632D28B6203AC741000562F0 /* CornellBox.mdla in Resources */,
			);
			runOnlyForDeploymentPostprocessing = 0;
		};
/* End PBXResourcesBuildPhase section */

/* Begin PBXSourcesBuildPhase section */
		632D2895203AC390000562F0 /* Sources */ = {
			isa = PBXSourcesBuildPhase;
			buildActionMask = 2147483647;
			files = (
				632D289F203AC390000562F0 /* ViewController.swift in Sources */,
				632D289D203AC390000562F0 /* AppDelegate.swift in Sources */,
			);
			runOnlyForDeploymentPostprocessing = 0;
		};
/* End PBXSourcesBuildPhase section */

/* Begin PBXVariantGroup section */
		632D28A0203AC390000562F0 /* Main.storyboard */ = {
			isa = PBXVariantGroup;
			children = (
				632D28A1203AC390000562F0 /* Base */,
			);
			name = Main.storyboard;
			sourceTree = "<group>";
		};
		632D28A5203AC390000562F0 /* LaunchScreen.storyboard */ = {
			isa = PBXVariantGroup;
			children = (
				632D28A6203AC390000562F0 /* Base */,
			);
			name = LaunchScreen.storyboard;
			sourceTree = "<group>";
		};
/* End PBXVariantGroup section */

/* Begin XCBuildConfiguration section */
		632D28A9203AC390000562F0 /* Debug */ = {
			isa = XCBuildConfiguration;
			buildSettings = {
				ALWAYS_SEARCH_USER_PATHS = NO;
				CLANG_ANALYZER_NONNULL = YES;
				CLANG_ANALYZER_NUMBER_OBJECT_CONVERSION = YES_AGGRESSIVE;
				CLANG_CXX_LANGUAGE_STANDARD = "gnu++14";
				CLANG_CXX_LIBRARY = "libc++";
				CLANG_ENABLE_MODULES = YES;
				CLANG_ENABLE_OBJC_ARC = YES;
				CLANG_WARN_BLOCK_CAPTURE_AUTORELEASING = YES;
				CLANG_WARN_BOOL_CONVERSION = YES;
				CLANG_WARN_COMMA = YES;
				CLANG_WARN_CONSTANT_CONVERSION = YES;
				CLANG_WARN_DEPRECATED_OBJC_IMPLEMENTATIONS = YES;
				CLANG_WARN_DIRECT_OBJC_ISA_USAGE = YES_ERROR;
				CLANG_WARN_DOCUMENTATION_COMMENTS = YES;
				CLANG_WARN_EMPTY_BODY = YES;
				CLANG_WARN_ENUM_CONVERSION = YES;
				CLANG_WARN_INFINITE_RECURSION = YES;
				CLANG_WARN_INT_CONVERSION = YES;
				CLANG_WARN_NON_LITERAL_NULL_CONVERSION = YES;
				CLANG_WARN_OBJC_IMPLICIT_RETAIN_SELF = YES;
				CLANG_WARN_OBJC_LITERAL_CONVERSION = YES;
				CLANG_WARN_OBJC_ROOT_CLASS = YES_ERROR;
				CLANG_WARN_RANGE_LOOP_ANALYSIS = YES;
				CLANG_WARN_STRICT_PROTOTYPES = YES;
				CLANG_WARN_SUSPICIOUS_MOVE = YES;
				CLANG_WARN_UNGUARDED_AVAILABILITY = YES_AGGRESSIVE;
				CLANG_WARN_UNREACHABLE_CODE = YES;
				CLANG_WARN__DUPLICATE_METHOD_MATCH = YES;
				CODE_SIGN_IDENTITY = "iPhone Developer";
				COPY_PHASE_STRIP = NO;
				DEBUG_INFORMATION_FORMAT = dwarf;
				ENABLE_STRICT_OBJC_MSGSEND = YES;
				ENABLE_TESTABILITY = YES;
				GCC_C_LANGUAGE_STANDARD = gnu11;
				GCC_DYNAMIC_NO_PIC = NO;
				GCC_NO_COMMON_BLOCKS = YES;
				GCC_OPTIMIZATION_LEVEL = 0;
				GCC_PREPROCESSOR_DEFINITIONS = (
					"DEBUG=1",
					"$(inherited)",
				);
				GCC_WARN_64_TO_32_BIT_CONVERSION = YES;
				GCC_WARN_ABOUT_RETURN_TYPE = YES_ERROR;
				GCC_WARN_UNDECLARED_SELECTOR = YES;
				GCC_WARN_UNINITIALIZED_AUTOS = YES_AGGRESSIVE;
				GCC_WARN_UNUSED_FUNCTION = YES;
				GCC_WARN_UNUSED_VARIABLE = YES;
				IPHONEOS_DEPLOYMENT_TARGET = 11.2;
				MTL_ENABLE_DEBUG_INFO = YES;
				ONLY_ACTIVE_ARCH = YES;
				SDKROOT = iphoneos;
				SWIFT_ACTIVE_COMPILATION_CONDITIONS = DEBUG;
				SWIFT_OPTIMIZATION_LEVEL = "-Onone";
			};
			name = Debug;
		};
		632D28AA203AC390000562F0 /* Release */ = {
			isa = XCBuildConfiguration;
			buildSettings = {
				ALWAYS_SEARCH_USER_PATHS = NO;
				CLANG_ANALYZER_NONNULL = YES;
				CLANG_ANALYZER_NUMBER_OBJECT_CONVERSION = YES_AGGRESSIVE;
				CLANG_CXX_LANGUAGE_STANDARD = "gnu++14";
				CLANG_CXX_LIBRARY = "libc++";
				CLANG_ENABLE_MODULES = YES;
				CLANG_ENABLE_OBJC_ARC = YES;
				CLANG_WARN_BLOCK_CAPTURE_AUTORELEASING = YES;
				CLANG_WARN_BOOL_CONVERSION = YES;
				CLANG_WARN_COMMA = YES;
				CLANG_WARN_CONSTANT_CONVERSION = YES;
				CLANG_WARN_DEPRECATED_OBJC_IMPLEMENTATIONS = YES;
				CLANG_WARN_DIRECT_OBJC_ISA_USAGE = YES_ERROR;
				CLANG_WARN_DOCUMENTATION_COMMENTS = YES;
				CLANG_WARN_EMPTY_BODY = YES;
				CLANG_WARN_ENUM_CONVERSION = YES;
				CLANG_WARN_INFINITE_RECURSION = YES;
				CLANG_WARN_INT_CONVERSION = YES;
				CLANG_WARN_NON_LITERAL_NULL_CONVERSION = YES;
				CLANG_WARN_OBJC_IMPLICIT_RETAIN_SELF = YES;
				CLANG_WARN_OBJC_LITERAL_CONVERSION = YES;
				CLANG_WARN_OBJC_ROOT_CLASS = YES_ERROR;
				CLANG_WARN_RANGE_LOOP_ANALYSIS = YES;
				CLANG_WARN_STRICT_PROTOTYPES = YES;
				CLANG_WARN_SUSPICIOUS_MOVE = YES;
				CLANG_WARN_UNGUARDED_AVAILABILITY = YES_AGGRESSIVE;
				CLANG_WARN_UNREACHABLE_CODE = YES;
				CLANG_WARN__DUPLICATE_METHOD_MATCH = YES;
				CODE_SIGN_IDENTITY = "iPhone Developer";
				COPY_PHASE_STRIP = NO;
				DEBUG_INFORMATION_FORMAT = "dwarf-with-dsym";
				ENABLE_NS_ASSERTIONS = NO;
				ENABLE_STRICT_OBJC_MSGSEND = YES;
				GCC_C_LANGUAGE_STANDARD = gnu11;
				GCC_NO_COMMON_BLOCKS = YES;
				GCC_WARN_64_TO_32_BIT_CONVERSION = YES;
				GCC_WARN_ABOUT_RETURN_TYPE = YES_ERROR;
				GCC_WARN_UNDECLARED_SELECTOR = YES;
				GCC_WARN_UNINITIALIZED_AUTOS = YES_AGGRESSIVE;
				GCC_WARN_UNUSED_FUNCTION = YES;
				GCC_WARN_UNUSED_VARIABLE = YES;
				IPHONEOS_DEPLOYMENT_TARGET = 11.2;
				MTL_ENABLE_DEBUG_INFO = NO;
				SDKROOT = iphoneos;
				SWIFT_OPTIMIZATION_LEVEL = "-Owholemodule";
				VALIDATE_PRODUCT = YES;
			};
			name = Release;
		};
		632D28AC203AC390000562F0 /* Debug */ = {
			isa = XCBuildConfiguration;
			buildSettings = {
				ASSETCATALOG_COMPILER_APPICON_NAME = AppIcon;
				CODE_SIGN_STYLE = Automatic;
				DEVELOPMENT_TEAM = 7JBVTX94L2;
				INFOPLIST_FILE = SampleCornellBox/Info.plist;
				LD_RUNPATH_SEARCH_PATHS = "$(inherited) @executable_path/Frameworks";
				PRODUCT_BUNDLE_IDENTIFIER = com.endavid.SampleCornellBox;
				PRODUCT_NAME = "$(TARGET_NAME)";
				SWIFT_VERSION = 5.0;
				TARGETED_DEVICE_FAMILY = "1,2";
			};
			name = Debug;
		};
		632D28AD203AC390000562F0 /* Release */ = {
			isa = XCBuildConfiguration;
			buildSettings = {
				ASSETCATALOG_COMPILER_APPICON_NAME = AppIcon;
				CODE_SIGN_STYLE = Automatic;
				DEVELOPMENT_TEAM = 7JBVTX94L2;
				INFOPLIST_FILE = SampleCornellBox/Info.plist;
				LD_RUNPATH_SEARCH_PATHS = "$(inherited) @executable_path/Frameworks";
				PRODUCT_BUNDLE_IDENTIFIER = com.endavid.SampleCornellBox;
				PRODUCT_NAME = "$(TARGET_NAME)";
				SWIFT_VERSION = 5.0;
				TARGETED_DEVICE_FAMILY = "1,2";
			};
			name = Release;
		};
/* End XCBuildConfiguration section */

/* Begin XCConfigurationList section */
		632D2894203AC390000562F0 /* Build configuration list for PBXProject "SampleCornellBox" */ = {
			isa = XCConfigurationList;
			buildConfigurations = (
				632D28A9203AC390000562F0 /* Debug */,
				632D28AA203AC390000562F0 /* Release */,
			);
			defaultConfigurationIsVisible = 0;
			defaultConfigurationName = Release;
		};
		632D28AB203AC390000562F0 /* Build configuration list for PBXNativeTarget "SampleCornellBox" */ = {
			isa = XCConfigurationList;
			buildConfigurations = (
				632D28AC203AC390000562F0 /* Debug */,
				632D28AD203AC390000562F0 /* Release */,
			);
			defaultConfigurationIsVisible = 0;
			defaultConfigurationName = Release;
		};
/* End XCConfigurationList section */
	};
	rootObject = 632D2891203AC390000562F0 /* Project object */;
}
