// !$*UTF8*$!
{
	archiveVersion = 1;
	classes = {
	};
	objectVersion = 46;
	objects = {

/* Begin PBXBuildFile section */
		6302B96A1EDC2142008DC90D /* FontAtlas.swift in Sources */ = {isa = PBXBuildFile; fileRef = 6302B9691EDC2142008DC90D /* FontAtlas.swift */; };
		6302B96C1EDC22C9008DC90D /* Texture.swift in Sources */ = {isa = PBXBuildFile; fileRef = 6302B96B1EDC22C9008DC90D /* Texture.swift */; };
		6312964B1D68BD8A00E5979E /* World.swift in Sources */ = {isa = PBXBuildFile; fileRef = 6312964A1D68BD8A00E5979E /* World.swift */; };
		6312964D1D6A1FD000E5979E /* Spherical.swift in Sources */ = {isa = PBXBuildFile; fileRef = 6312964C1D6A1FD000E5979E /* Spherical.swift */; };
		631A4A751D72EBB7000978F6 /* PlatonicSolid.swift in Sources */ = {isa = PBXBuildFile; fileRef = 631A4A741D72EBB7000978F6 /* PlatonicSolid.swift */; };
		631A4A761D72EBB7000978F6 /* PlatonicSolid.swift in Sources */ = {isa = PBXBuildFile; fileRef = 631A4A741D72EBB7000978F6 /* PlatonicSolid.swift */; };
		631A4A781D72FA86000978F6 /* SpherePrimitive.swift in Sources */ = {isa = PBXBuildFile; fileRef = 631A4A771D72FA86000978F6 /* SpherePrimitive.swift */; };
		635320D11DA30EBE00A6EF94 /* Primitive2D.swift in Sources */ = {isa = PBXBuildFile; fileRef = 635320D01DA30EBE00A6EF94 /* Primitive2D.swift */; };
		6365986B1D78173C009C5215 /* ModelPrimitive.swift in Sources */ = {isa = PBXBuildFile; fileRef = 6365986A1D78173C009C5215 /* ModelPrimitive.swift */; };
		6365986E1D78191A009C5215 /* CornellBox.mdla in Resources */ = {isa = PBXBuildFile; fileRef = 6365986D1D78191A009C5215 /* CornellBox.mdla */; };
		6369BD861D4DF63500E75951 /* Fx.metal in Sources */ = {isa = PBXBuildFile; fileRef = 6369BD851D4DF63500E75951 /* Fx.metal */; };
		637358761DAA9C6100C3FE3B /* Primitive2DPlugin.swift in Sources */ = {isa = PBXBuildFile; fileRef = 637358751DAA9C6100C3FE3B /* Primitive2DPlugin.swift */; };
		637358791DAABE1D00C3FE3B /* Sprites.metal in Sources */ = {isa = PBXBuildFile; fileRef = 637358781DAABE1D00C3FE3B /* Sprites.metal */; };
		63C6DD641D96B9AD00D7CAC2 /* Metal.framework in Frameworks */ = {isa = PBXBuildFile; fileRef = 63C6DD631D96B9AD00D7CAC2 /* Metal.framework */; };
		63C6DD661D96B9B500D7CAC2 /* MetalKit.framework in Frameworks */ = {isa = PBXBuildFile; fileRef = 63C6DD651D96B9B500D7CAC2 /* MetalKit.framework */; };
		63D0E6C31D532A78004DF37E /* GraphicPlugin.swift in Sources */ = {isa = PBXBuildFile; fileRef = 63D0E6C21D532A78004DF37E /* GraphicPlugin.swift */; };
		63D0E6C51D532C12004DF37E /* RainPlugin.swift in Sources */ = {isa = PBXBuildFile; fileRef = 63D0E6C41D532C12004DF37E /* RainPlugin.swift */; };
		63D0E6C71D5D0E96004DF37E /* RenderManager.swift in Sources */ = {isa = PBXBuildFile; fileRef = 63D0E6C61D5D0E96004DF37E /* RenderManager.swift */; };
		63D0E6C91D5D1D0C004DF37E /* PrimitivePlugin.swift in Sources */ = {isa = PBXBuildFile; fileRef = 63D0E6C81D5D1D0C004DF37E /* PrimitivePlugin.swift */; };
		63D0E6CB1D5F1853004DF37E /* Primitive.swift in Sources */ = {isa = PBXBuildFile; fileRef = 63D0E6CA1D5F1853004DF37E /* Primitive.swift */; };
		63D0E6CD1D5F186D004DF37E /* CubePrimitive.swift in Sources */ = {isa = PBXBuildFile; fileRef = 63D0E6CC1D5F186D004DF37E /* CubePrimitive.swift */; };
		63D0E6CF1D5F2BFE004DF37E /* GfxData.swift in Sources */ = {isa = PBXBuildFile; fileRef = 63D0E6CE1D5F2BFE004DF37E /* GfxData.swift */; };
		63D0E6D31D5F746B004DF37E /* Vector.swift in Sources */ = {isa = PBXBuildFile; fileRef = 63D0E6D21D5F746B004DF37E /* Vector.swift */; };
		63D0E6D51D5F7499004DF37E /* Matrix.swift in Sources */ = {isa = PBXBuildFile; fileRef = 63D0E6D41D5F7499004DF37E /* Matrix.swift */; };
		63D0E6D71D5F77C3004DF37E /* Camera.swift in Sources */ = {isa = PBXBuildFile; fileRef = 63D0E6D61D5F77C3004DF37E /* Camera.swift */; };
		63D0E6D91D5FBA06004DF37E /* Math.swift in Sources */ = {isa = PBXBuildFile; fileRef = 63EA88FE1D1ABFAF00B97B99 /* Math.swift */; };
		63D0E6DA1D5FBA06004DF37E /* Vector.swift in Sources */ = {isa = PBXBuildFile; fileRef = 63D0E6D21D5F746B004DF37E /* Vector.swift */; };
		63D0E6DB1D5FBA06004DF37E /* Matrix.swift in Sources */ = {isa = PBXBuildFile; fileRef = 63D0E6D41D5F7499004DF37E /* Matrix.swift */; };
		63D0E6DD1D5FD96F004DF37E /* Quaternion.swift in Sources */ = {isa = PBXBuildFile; fileRef = 63D0E6DC1D5FD96F004DF37E /* Quaternion.swift */; };
		63D0E6DE1D5FD96F004DF37E /* Quaternion.swift in Sources */ = {isa = PBXBuildFile; fileRef = 63D0E6DC1D5FD96F004DF37E /* Quaternion.swift */; };
		63D0E6E01D5FD986004DF37E /* Transform.swift in Sources */ = {isa = PBXBuildFile; fileRef = 63D0E6DF1D5FD986004DF37E /* Transform.swift */; };
		63D0E6E11D5FD986004DF37E /* Transform.swift in Sources */ = {isa = PBXBuildFile; fileRef = 63D0E6DF1D5FD986004DF37E /* Transform.swift */; };
		63DEAA411CAC97AA00B6FA98 /* AppDelegate.swift in Sources */ = {isa = PBXBuildFile; fileRef = 63DEAA401CAC97AA00B6FA98 /* AppDelegate.swift */; };
		63DEAA431CAC97AA00B6FA98 /* GameViewController.swift in Sources */ = {isa = PBXBuildFile; fileRef = 63DEAA421CAC97AA00B6FA98 /* GameViewController.swift */; };
		63DEAA451CAC97AA00B6FA98 /* Shaders.metal in Sources */ = {isa = PBXBuildFile; fileRef = 63DEAA441CAC97AA00B6FA98 /* Shaders.metal */; };
		63DEAA481CAC97AA00B6FA98 /* Main.storyboard in Resources */ = {isa = PBXBuildFile; fileRef = 63DEAA461CAC97AA00B6FA98 /* Main.storyboard */; };
		63DEAA4A1CAC97AA00B6FA98 /* Assets.xcassets in Resources */ = {isa = PBXBuildFile; fileRef = 63DEAA491CAC97AA00B6FA98 /* Assets.xcassets */; };
		63DEAA4D1CAC97AA00B6FA98 /* LaunchScreen.storyboard in Resources */ = {isa = PBXBuildFile; fileRef = 63DEAA4B1CAC97AA00B6FA98 /* LaunchScreen.storyboard */; };
		63DEAA581CAC97AA00B6FA98 /* VidEngineTests.swift in Sources */ = {isa = PBXBuildFile; fileRef = 63DEAA571CAC97AA00B6FA98 /* VidEngineTests.swift */; };
		63DEAA631CAC97AA00B6FA98 /* VidEngineUITests.swift in Sources */ = {isa = PBXBuildFile; fileRef = 63DEAA621CAC97AA00B6FA98 /* VidEngineUITests.swift */; };
		63E622981D78C54200CAEF58 /* Scene.swift in Sources */ = {isa = PBXBuildFile; fileRef = 63E622971D78C54200CAEF58 /* Scene.swift */; };
		63E6229B1D78C71C00CAEF58 /* GridScene.swift in Sources */ = {isa = PBXBuildFile; fileRef = 63E6229A1D78C71C00CAEF58 /* GridScene.swift */; };
		63E6229E1D78CDF900CAEF58 /* MdlParser.swift in Sources */ = {isa = PBXBuildFile; fileRef = 63E6229D1D78CDF900CAEF58 /* MdlParser.swift */; };
		63E622A01D7B66E000CAEF58 /* Lighting.metal in Sources */ = {isa = PBXBuildFile; fileRef = 63E6229F1D7B66E000CAEF58 /* Lighting.metal */; };
		63E622A21D7B6B7000CAEF58 /* ShaderMath.metal in Sources */ = {isa = PBXBuildFile; fileRef = 63E622A11D7B6B7000CAEF58 /* ShaderMath.metal */; };
		63E622A41D7C32F500CAEF58 /* Color.swift in Sources */ = {isa = PBXBuildFile; fileRef = 63E622A31D7C32F500CAEF58 /* Color.swift */; };
		63E622A71D7C376100CAEF58 /* Collections.swift in Sources */ = {isa = PBXBuildFile; fileRef = 63E622A61D7C376100CAEF58 /* Collections.swift */; };
		63E622A81D7C376100CAEF58 /* Collections.swift in Sources */ = {isa = PBXBuildFile; fileRef = 63E622A61D7C376100CAEF58 /* Collections.swift */; };
		63E622A91D7C3BE000CAEF58 /* Color.swift in Sources */ = {isa = PBXBuildFile; fileRef = 63E622A31D7C32F500CAEF58 /* Color.swift */; };
		63E622AB1D7C78F400CAEF58 /* Material.swift in Sources */ = {isa = PBXBuildFile; fileRef = 63E622AA1D7C78F400CAEF58 /* Material.swift */; };
		63E622AD1D7EACCF00CAEF58 /* DeferredShadingPlugin.swift in Sources */ = {isa = PBXBuildFile; fileRef = 63E622AC1D7EACCF00CAEF58 /* DeferredShadingPlugin.swift */; };
		63E622AF1D846C7300CAEF58 /* GBuffer.swift in Sources */ = {isa = PBXBuildFile; fileRef = 63E622AE1D846C7300CAEF58 /* GBuffer.swift */; };
		63E622B11D87E23000CAEF58 /* LightSource.swift in Sources */ = {isa = PBXBuildFile; fileRef = 63E622B01D87E23000CAEF58 /* LightSource.swift */; };
		63E622B31D87E50A00CAEF58 /* DeferredLightingPlugin.swift in Sources */ = {isa = PBXBuildFile; fileRef = 63E622B21D87E50A00CAEF58 /* DeferredLightingPlugin.swift */; };
		63EA88FF1D1ABFAF00B97B99 /* Math.swift in Sources */ = {isa = PBXBuildFile; fileRef = 63EA88FE1D1ABFAF00B97B99 /* Math.swift */; };
		63EA89021D1C52D900B97B99 /* Image.swift in Sources */ = {isa = PBXBuildFile; fileRef = 63EA89011D1C52D900B97B99 /* Image.swift */; };
		63EA89071D1F1E9B00B97B99 /* Rain_Background-Mike_Koenig.mp3 in Resources */ = {isa = PBXBuildFile; fileRef = 63EA89061D1F1E9B00B97B99 /* Rain_Background-Mike_Koenig.mp3 */; };
/* End PBXBuildFile section */

/* Begin PBXContainerItemProxy section */
		63DEAA541CAC97AA00B6FA98 /* PBXContainerItemProxy */ = {
			isa = PBXContainerItemProxy;
			containerPortal = 63DEAA351CAC97AA00B6FA98 /* Project object */;
			proxyType = 1;
			remoteGlobalIDString = 63DEAA3C1CAC97AA00B6FA98;
			remoteInfo = VidEngine;
		};
		63DEAA5F1CAC97AA00B6FA98 /* PBXContainerItemProxy */ = {
			isa = PBXContainerItemProxy;
			containerPortal = 63DEAA351CAC97AA00B6FA98 /* Project object */;
			proxyType = 1;
			remoteGlobalIDString = 63DEAA3C1CAC97AA00B6FA98;
			remoteInfo = VidEngine;
		};
/* End PBXContainerItemProxy section */

/* Begin PBXFileReference section */
		6302B9691EDC2142008DC90D /* FontAtlas.swift */ = {isa = PBXFileReference; fileEncoding = 4; lastKnownFileType = sourcecode.swift; path = FontAtlas.swift; sourceTree = "<group>"; };
		6302B96B1EDC22C9008DC90D /* Texture.swift */ = {isa = PBXFileReference; fileEncoding = 4; lastKnownFileType = sourcecode.swift; path = Texture.swift; sourceTree = "<group>"; };
		6312964A1D68BD8A00E5979E /* World.swift */ = {isa = PBXFileReference; fileEncoding = 4; lastKnownFileType = sourcecode.swift; path = World.swift; sourceTree = "<group>"; };
		6312964C1D6A1FD000E5979E /* Spherical.swift */ = {isa = PBXFileReference; fileEncoding = 4; lastKnownFileType = sourcecode.swift; path = Spherical.swift; sourceTree = "<group>"; };
		631A4A741D72EBB7000978F6 /* PlatonicSolid.swift */ = {isa = PBXFileReference; fileEncoding = 4; lastKnownFileType = sourcecode.swift; path = PlatonicSolid.swift; sourceTree = "<group>"; };
		631A4A771D72FA86000978F6 /* SpherePrimitive.swift */ = {isa = PBXFileReference; fileEncoding = 4; lastKnownFileType = sourcecode.swift; path = SpherePrimitive.swift; sourceTree = "<group>"; };
		635320D01DA30EBE00A6EF94 /* Primitive2D.swift */ = {isa = PBXFileReference; fileEncoding = 4; lastKnownFileType = sourcecode.swift; path = Primitive2D.swift; sourceTree = "<group>"; };
		6365986A1D78173C009C5215 /* ModelPrimitive.swift */ = {isa = PBXFileReference; fileEncoding = 4; lastKnownFileType = sourcecode.swift; path = ModelPrimitive.swift; sourceTree = "<group>"; };
		6365986D1D78191A009C5215 /* CornellBox.mdla */ = {isa = PBXFileReference; fileEncoding = 4; lastKnownFileType = text; path = CornellBox.mdla; sourceTree = "<group>"; };
		6369BD851D4DF63500E75951 /* Fx.metal */ = {isa = PBXFileReference; fileEncoding = 4; lastKnownFileType = sourcecode.metal; path = Fx.metal; sourceTree = "<group>"; };
		637358751DAA9C6100C3FE3B /* Primitive2DPlugin.swift */ = {isa = PBXFileReference; fileEncoding = 4; lastKnownFileType = sourcecode.swift; path = Primitive2DPlugin.swift; sourceTree = "<group>"; };
		637358781DAABE1D00C3FE3B /* Sprites.metal */ = {isa = PBXFileReference; fileEncoding = 4; lastKnownFileType = sourcecode.metal; path = Sprites.metal; sourceTree = "<group>"; };
		63C6DD631D96B9AD00D7CAC2 /* Metal.framework */ = {isa = PBXFileReference; lastKnownFileType = wrapper.framework; name = Metal.framework; path = System/Library/Frameworks/Metal.framework; sourceTree = SDKROOT; };
		63C6DD651D96B9B500D7CAC2 /* MetalKit.framework */ = {isa = PBXFileReference; lastKnownFileType = wrapper.framework; name = MetalKit.framework; path = System/Library/Frameworks/MetalKit.framework; sourceTree = SDKROOT; };
		63D0E6C11D51D4AA004DF37E /* ShaderMath.h */ = {isa = PBXFileReference; fileEncoding = 4; lastKnownFileType = sourcecode.c.h; path = ShaderMath.h; sourceTree = "<group>"; };
		63D0E6C21D532A78004DF37E /* GraphicPlugin.swift */ = {isa = PBXFileReference; fileEncoding = 4; lastKnownFileType = sourcecode.swift; path = GraphicPlugin.swift; sourceTree = "<group>"; };
		63D0E6C41D532C12004DF37E /* RainPlugin.swift */ = {isa = PBXFileReference; fileEncoding = 4; lastKnownFileType = sourcecode.swift; path = RainPlugin.swift; sourceTree = "<group>"; };
		63D0E6C61D5D0E96004DF37E /* RenderManager.swift */ = {isa = PBXFileReference; fileEncoding = 4; lastKnownFileType = sourcecode.swift; path = RenderManager.swift; sourceTree = "<group>"; };
		63D0E6C81D5D1D0C004DF37E /* PrimitivePlugin.swift */ = {isa = PBXFileReference; fileEncoding = 4; lastKnownFileType = sourcecode.swift; path = PrimitivePlugin.swift; sourceTree = "<group>"; };
		63D0E6CA1D5F1853004DF37E /* Primitive.swift */ = {isa = PBXFileReference; fileEncoding = 4; lastKnownFileType = sourcecode.swift; path = Primitive.swift; sourceTree = "<group>"; };
		63D0E6CC1D5F186D004DF37E /* CubePrimitive.swift */ = {isa = PBXFileReference; fileEncoding = 4; lastKnownFileType = sourcecode.swift; path = CubePrimitive.swift; sourceTree = "<group>"; };
		63D0E6CE1D5F2BFE004DF37E /* GfxData.swift */ = {isa = PBXFileReference; fileEncoding = 4; lastKnownFileType = sourcecode.swift; path = GfxData.swift; sourceTree = "<group>"; };
		63D0E6D21D5F746B004DF37E /* Vector.swift */ = {isa = PBXFileReference; fileEncoding = 4; lastKnownFileType = sourcecode.swift; path = Vector.swift; sourceTree = "<group>"; };
		63D0E6D41D5F7499004DF37E /* Matrix.swift */ = {isa = PBXFileReference; fileEncoding = 4; lastKnownFileType = sourcecode.swift; path = Matrix.swift; sourceTree = "<group>"; };
		63D0E6D61D5F77C3004DF37E /* Camera.swift */ = {isa = PBXFileReference; fileEncoding = 4; lastKnownFileType = sourcecode.swift; path = Camera.swift; sourceTree = "<group>"; };
		63D0E6D81D5F9460004DF37E /* ShaderCommon.h */ = {isa = PBXFileReference; lastKnownFileType = sourcecode.c.h; path = ShaderCommon.h; sourceTree = "<group>"; };
		63D0E6DC1D5FD96F004DF37E /* Quaternion.swift */ = {isa = PBXFileReference; fileEncoding = 4; lastKnownFileType = sourcecode.swift; path = Quaternion.swift; sourceTree = "<group>"; };
		63D0E6DF1D5FD986004DF37E /* Transform.swift */ = {isa = PBXFileReference; fileEncoding = 4; lastKnownFileType = sourcecode.swift; path = Transform.swift; sourceTree = "<group>"; };
		63DEAA3D1CAC97AA00B6FA98 /* VidEngine.app */ = {isa = PBXFileReference; explicitFileType = wrapper.application; includeInIndex = 0; path = VidEngine.app; sourceTree = BUILT_PRODUCTS_DIR; };
		63DEAA401CAC97AA00B6FA98 /* AppDelegate.swift */ = {isa = PBXFileReference; lastKnownFileType = sourcecode.swift; path = AppDelegate.swift; sourceTree = "<group>"; };
		63DEAA421CAC97AA00B6FA98 /* GameViewController.swift */ = {isa = PBXFileReference; lastKnownFileType = sourcecode.swift; path = GameViewController.swift; sourceTree = "<group>"; };
		63DEAA441CAC97AA00B6FA98 /* Shaders.metal */ = {isa = PBXFileReference; lastKnownFileType = sourcecode.metal; path = Shaders.metal; sourceTree = "<group>"; };
		63DEAA471CAC97AA00B6FA98 /* Base */ = {isa = PBXFileReference; lastKnownFileType = file.storyboard; name = Base; path = Base.lproj/Main.storyboard; sourceTree = "<group>"; };
		63DEAA491CAC97AA00B6FA98 /* Assets.xcassets */ = {isa = PBXFileReference; lastKnownFileType = folder.assetcatalog; path = Assets.xcassets; sourceTree = "<group>"; };
		63DEAA4C1CAC97AA00B6FA98 /* Base */ = {isa = PBXFileReference; lastKnownFileType = file.storyboard; name = Base; path = Base.lproj/LaunchScreen.storyboard; sourceTree = "<group>"; };
		63DEAA4E1CAC97AA00B6FA98 /* Info.plist */ = {isa = PBXFileReference; lastKnownFileType = text.plist.xml; path = Info.plist; sourceTree = "<group>"; };
		63DEAA531CAC97AA00B6FA98 /* VidEngineTests.xctest */ = {isa = PBXFileReference; explicitFileType = wrapper.cfbundle; includeInIndex = 0; path = VidEngineTests.xctest; sourceTree = BUILT_PRODUCTS_DIR; };
		63DEAA571CAC97AA00B6FA98 /* VidEngineTests.swift */ = {isa = PBXFileReference; lastKnownFileType = sourcecode.swift; path = VidEngineTests.swift; sourceTree = "<group>"; };
		63DEAA591CAC97AA00B6FA98 /* Info.plist */ = {isa = PBXFileReference; lastKnownFileType = text.plist.xml; path = Info.plist; sourceTree = "<group>"; };
		63DEAA5E1CAC97AA00B6FA98 /* VidEngine.xctest */ = {isa = PBXFileReference; explicitFileType = wrapper.cfbundle; includeInIndex = 0; path = VidEngine.xctest; sourceTree = BUILT_PRODUCTS_DIR; };
		63DEAA621CAC97AA00B6FA98 /* VidEngineUITests.swift */ = {isa = PBXFileReference; lastKnownFileType = sourcecode.swift; path = VidEngineUITests.swift; sourceTree = "<group>"; };
		63DEAA641CAC97AA00B6FA98 /* Info.plist */ = {isa = PBXFileReference; lastKnownFileType = text.plist.xml; path = Info.plist; sourceTree = "<group>"; };
		63E622971D78C54200CAEF58 /* Scene.swift */ = {isa = PBXFileReference; fileEncoding = 4; lastKnownFileType = sourcecode.swift; path = Scene.swift; sourceTree = "<group>"; };
		63E6229A1D78C71C00CAEF58 /* GridScene.swift */ = {isa = PBXFileReference; fileEncoding = 4; lastKnownFileType = sourcecode.swift; path = GridScene.swift; sourceTree = "<group>"; };
		63E6229D1D78CDF900CAEF58 /* MdlParser.swift */ = {isa = PBXFileReference; fileEncoding = 4; lastKnownFileType = sourcecode.swift; path = MdlParser.swift; sourceTree = "<group>"; };
		63E6229F1D7B66E000CAEF58 /* Lighting.metal */ = {isa = PBXFileReference; fileEncoding = 4; lastKnownFileType = sourcecode.metal; path = Lighting.metal; sourceTree = "<group>"; };
		63E622A11D7B6B7000CAEF58 /* ShaderMath.metal */ = {isa = PBXFileReference; fileEncoding = 4; lastKnownFileType = sourcecode.metal; path = ShaderMath.metal; sourceTree = "<group>"; };
		63E622A31D7C32F500CAEF58 /* Color.swift */ = {isa = PBXFileReference; fileEncoding = 4; lastKnownFileType = sourcecode.swift; path = Color.swift; sourceTree = "<group>"; };
		63E622A61D7C376100CAEF58 /* Collections.swift */ = {isa = PBXFileReference; fileEncoding = 4; lastKnownFileType = sourcecode.swift; path = Collections.swift; sourceTree = "<group>"; };
		63E622AA1D7C78F400CAEF58 /* Material.swift */ = {isa = PBXFileReference; fileEncoding = 4; lastKnownFileType = sourcecode.swift; path = Material.swift; sourceTree = "<group>"; };
		63E622AC1D7EACCF00CAEF58 /* DeferredShadingPlugin.swift */ = {isa = PBXFileReference; fileEncoding = 4; lastKnownFileType = sourcecode.swift; path = DeferredShadingPlugin.swift; sourceTree = "<group>"; };
		63E622AE1D846C7300CAEF58 /* GBuffer.swift */ = {isa = PBXFileReference; fileEncoding = 4; lastKnownFileType = sourcecode.swift; path = GBuffer.swift; sourceTree = "<group>"; };
		63E622B01D87E23000CAEF58 /* LightSource.swift */ = {isa = PBXFileReference; fileEncoding = 4; lastKnownFileType = sourcecode.swift; path = LightSource.swift; sourceTree = "<group>"; };
		63E622B21D87E50A00CAEF58 /* DeferredLightingPlugin.swift */ = {isa = PBXFileReference; fileEncoding = 4; lastKnownFileType = sourcecode.swift; path = DeferredLightingPlugin.swift; sourceTree = "<group>"; };
		63EA88FE1D1ABFAF00B97B99 /* Math.swift */ = {isa = PBXFileReference; fileEncoding = 4; lastKnownFileType = sourcecode.swift; path = Math.swift; sourceTree = "<group>"; };
		63EA89011D1C52D900B97B99 /* Image.swift */ = {isa = PBXFileReference; fileEncoding = 4; lastKnownFileType = sourcecode.swift; path = Image.swift; sourceTree = "<group>"; };
		63EA89061D1F1E9B00B97B99 /* Rain_Background-Mike_Koenig.mp3 */ = {isa = PBXFileReference; lastKnownFileType = audio.mp3; path = "Rain_Background-Mike_Koenig.mp3"; sourceTree = "<group>"; };
/* End PBXFileReference section */

/* Begin PBXFrameworksBuildPhase section */
		63DEAA3A1CAC97AA00B6FA98 /* Frameworks */ = {
			isa = PBXFrameworksBuildPhase;
			buildActionMask = 2147483647;
			files = (
				63C6DD661D96B9B500D7CAC2 /* MetalKit.framework in Frameworks */,
				63C6DD641D96B9AD00D7CAC2 /* Metal.framework in Frameworks */,
			);
			runOnlyForDeploymentPostprocessing = 0;
		};
		63DEAA501CAC97AA00B6FA98 /* Frameworks */ = {
			isa = PBXFrameworksBuildPhase;
			buildActionMask = 2147483647;
			files = (
			);
			runOnlyForDeploymentPostprocessing = 0;
		};
		63DEAA5B1CAC97AA00B6FA98 /* Frameworks */ = {
			isa = PBXFrameworksBuildPhase;
			buildActionMask = 2147483647;
			files = (
			);
			runOnlyForDeploymentPostprocessing = 0;
		};
/* End PBXFrameworksBuildPhase section */

/* Begin PBXGroup section */
		631296491D68BD4500E5979E /* game */ = {
			isa = PBXGroup;
			children = (
				6312964A1D68BD8A00E5979E /* World.swift */,
			);
			path = game;
			sourceTree = "<group>";
		};
		631A4A731D72EB81000978F6 /* geometry */ = {
			isa = PBXGroup;
			children = (
				631A4A741D72EBB7000978F6 /* PlatonicSolid.swift */,
			);
			path = geometry;
			sourceTree = "<group>";
		};
		635320CE1DA30C1400A6EF94 /* sdk */ = {
			isa = PBXGroup;
			children = (
				63E622A51D7C373B00CAEF58 /* data */,
				631A4A731D72EB81000978F6 /* geometry */,
				63EA89001D1C528D00B97B99 /* gfx */,
				63EA88FD1D1ABF9000B97B99 /* math */,
				63E6229C1D78CDD000CAEF58 /* parsers */,
				635320CF1DA30D1200A6EF94 /* prims */,
				637358741DAA9C2100C3FE3B /* render */,
			);
			path = sdk;
			sourceTree = "<group>";
		};
		635320CF1DA30D1200A6EF94 /* prims */ = {
			isa = PBXGroup;
			children = (
				63D0E6CC1D5F186D004DF37E /* CubePrimitive.swift */,
				63D0E6CA1D5F1853004DF37E /* Primitive.swift */,
				635320D01DA30EBE00A6EF94 /* Primitive2D.swift */,
				631A4A771D72FA86000978F6 /* SpherePrimitive.swift */,
			);
			path = prims;
			sourceTree = "<group>";
		};
		6365986C1D78189A009C5215 /* scenes */ = {
			isa = PBXGroup;
			children = (
				6365986D1D78191A009C5215 /* CornellBox.mdla */,
			);
			path = scenes;
			sourceTree = "<group>";
		};
		637358741DAA9C2100C3FE3B /* render */ = {
			isa = PBXGroup;
			children = (
				637358751DAA9C6100C3FE3B /* Primitive2DPlugin.swift */,
			);
			name = render;
			path = gfx/render;
			sourceTree = "<group>";
		};
		637358771DAABD1F00C3FE3B /* shaders */ = {
			isa = PBXGroup;
			children = (
				6369BD851D4DF63500E75951 /* Fx.metal */,
				63E6229F1D7B66E000CAEF58 /* Lighting.metal */,
				63D0E6D81D5F9460004DF37E /* ShaderCommon.h */,
				63D0E6C11D51D4AA004DF37E /* ShaderMath.h */,
				63E622A11D7B6B7000CAEF58 /* ShaderMath.metal */,
				63DEAA441CAC97AA00B6FA98 /* Shaders.metal */,
				637358781DAABE1D00C3FE3B /* Sprites.metal */,
			);
			path = shaders;
			sourceTree = "<group>";
		};
		63C6DD621D96B9AD00D7CAC2 /* Frameworks */ = {
			isa = PBXGroup;
			children = (
				63C6DD651D96B9B500D7CAC2 /* MetalKit.framework */,
				63C6DD631D96B9AD00D7CAC2 /* Metal.framework */,
			);
			name = Frameworks;
			sourceTree = "<group>";
		};
		63DEAA341CAC97AA00B6FA98 = {
			isa = PBXGroup;
			children = (
				63DEAA3F1CAC97AA00B6FA98 /* VidEngine */,
				63DEAA561CAC97AA00B6FA98 /* VidEngineTests */,
				63DEAA611CAC97AA00B6FA98 /* VidEngineUITests */,
				63DEAA3E1CAC97AA00B6FA98 /* Products */,
				63C6DD621D96B9AD00D7CAC2 /* Frameworks */,
			);
			sourceTree = "<group>";
		};
		63DEAA3E1CAC97AA00B6FA98 /* Products */ = {
			isa = PBXGroup;
			children = (
				63DEAA3D1CAC97AA00B6FA98 /* VidEngine.app */,
				63DEAA531CAC97AA00B6FA98 /* VidEngineTests.xctest */,
				63DEAA5E1CAC97AA00B6FA98 /* VidEngine.xctest */,
			);
			name = Products;
			sourceTree = "<group>";
		};
		63DEAA3F1CAC97AA00B6FA98 /* VidEngine */ = {
			isa = PBXGroup;
			children = (
				635320CE1DA30C1400A6EF94 /* sdk */,
				63E622991D78C67D00CAEF58 /* demo */,
				63DEAA401CAC97AA00B6FA98 /* AppDelegate.swift */,
				63DEAA491CAC97AA00B6FA98 /* Assets.xcassets */,
				631296491D68BD4500E5979E /* game */,
				63DEAA421CAC97AA00B6FA98 /* GameViewController.swift */,
				63DEAA4E1CAC97AA00B6FA98 /* Info.plist */,
				63DEAA4B1CAC97AA00B6FA98 /* LaunchScreen.storyboard */,
				63DEAA461CAC97AA00B6FA98 /* Main.storyboard */,
				63EA89051D1F1E9B00B97B99 /* Resources */,
			);
			path = VidEngine;
			sourceTree = "<group>";
		};
		63DEAA561CAC97AA00B6FA98 /* VidEngineTests */ = {
			isa = PBXGroup;
			children = (
				63DEAA571CAC97AA00B6FA98 /* VidEngineTests.swift */,
				63DEAA591CAC97AA00B6FA98 /* Info.plist */,
			);
			path = VidEngineTests;
			sourceTree = "<group>";
		};
		63DEAA611CAC97AA00B6FA98 /* VidEngineUITests */ = {
			isa = PBXGroup;
			children = (
				63DEAA621CAC97AA00B6FA98 /* VidEngineUITests.swift */,
				63DEAA641CAC97AA00B6FA98 /* Info.plist */,
			);
			path = VidEngineUITests;
			sourceTree = "<group>";
		};
		63E622991D78C67D00CAEF58 /* demo */ = {
			isa = PBXGroup;
			children = (
				63E6229A1D78C71C00CAEF58 /* GridScene.swift */,
			);
			path = demo;
			sourceTree = "<group>";
		};
		63E6229C1D78CDD000CAEF58 /* parsers */ = {
			isa = PBXGroup;
			children = (
				63E6229D1D78CDF900CAEF58 /* MdlParser.swift */,
			);
			path = parsers;
			sourceTree = "<group>";
		};
		63E622A51D7C373B00CAEF58 /* data */ = {
			isa = PBXGroup;
			children = (
				63E622A61D7C376100CAEF58 /* Collections.swift */,
			);
			path = data;
			sourceTree = "<group>";
		};
		63EA88FD1D1ABF9000B97B99 /* math */ = {
			isa = PBXGroup;
			children = (
				63EA88FE1D1ABFAF00B97B99 /* Math.swift */,
				63D0E6D21D5F746B004DF37E /* Vector.swift */,
				63D0E6D41D5F7499004DF37E /* Matrix.swift */,
				63D0E6DC1D5FD96F004DF37E /* Quaternion.swift */,
				63D0E6DF1D5FD986004DF37E /* Transform.swift */,
				6312964C1D6A1FD000E5979E /* Spherical.swift */,
			);
			path = math;
			sourceTree = "<group>";
		};
		63EA89001D1C528D00B97B99 /* gfx */ = {
			isa = PBXGroup;
			children = (
				637358771DAABD1F00C3FE3B /* shaders */,
				63D0E6D61D5F77C3004DF37E /* Camera.swift */,
				63E622A31D7C32F500CAEF58 /* Color.swift */,
				63E622B21D87E50A00CAEF58 /* DeferredLightingPlugin.swift */,
				63E622AC1D7EACCF00CAEF58 /* DeferredShadingPlugin.swift */,
				63E622AE1D846C7300CAEF58 /* GBuffer.swift */,
				63D0E6CE1D5F2BFE004DF37E /* GfxData.swift */,
				63D0E6C21D532A78004DF37E /* GraphicPlugin.swift */,
				63EA89011D1C52D900B97B99 /* Image.swift */,
				63E622B01D87E23000CAEF58 /* LightSource.swift */,
				63E622AA1D7C78F400CAEF58 /* Material.swift */,
				6365986A1D78173C009C5215 /* ModelPrimitive.swift */,
				63D0E6C81D5D1D0C004DF37E /* PrimitivePlugin.swift */,
				63D0E6C41D532C12004DF37E /* RainPlugin.swift */,
				63D0E6C61D5D0E96004DF37E /* RenderManager.swift */,
				63E622971D78C54200CAEF58 /* Scene.swift */,
				6302B9691EDC2142008DC90D /* FontAtlas.swift */,
				6302B96B1EDC22C9008DC90D /* Texture.swift */,
			);
			path = gfx;
			sourceTree = "<group>";
		};
		63EA89051D1F1E9B00B97B99 /* Resources */ = {
			isa = PBXGroup;
			children = (
				6365986C1D78189A009C5215 /* scenes */,
				63EA89061D1F1E9B00B97B99 /* Rain_Background-Mike_Koenig.mp3 */,
			);
			path = Resources;
			sourceTree = "<group>";
		};
/* End PBXGroup section */

/* Begin PBXNativeTarget section */
		63DEAA3C1CAC97AA00B6FA98 /* VidEngine */ = {
			isa = PBXNativeTarget;
			buildConfigurationList = 63DEAA671CAC97AA00B6FA98 /* Build configuration list for PBXNativeTarget "VidEngine" */;
			buildPhases = (
				63DEAA391CAC97AA00B6FA98 /* Sources */,
				63DEAA3A1CAC97AA00B6FA98 /* Frameworks */,
				63DEAA3B1CAC97AA00B6FA98 /* Resources */,
			);
			buildRules = (
			);
			dependencies = (
			);
			name = VidEngine;
			productName = VidEngine;
			productReference = 63DEAA3D1CAC97AA00B6FA98 /* VidEngine.app */;
			productType = "com.apple.product-type.application";
		};
		63DEAA521CAC97AA00B6FA98 /* VidEngineTests */ = {
			isa = PBXNativeTarget;
			buildConfigurationList = 63DEAA6A1CAC97AA00B6FA98 /* Build configuration list for PBXNativeTarget "VidEngineTests" */;
			buildPhases = (
				63DEAA4F1CAC97AA00B6FA98 /* Sources */,
				63DEAA501CAC97AA00B6FA98 /* Frameworks */,
				63DEAA511CAC97AA00B6FA98 /* Resources */,
			);
			buildRules = (
			);
			dependencies = (
				63DEAA551CAC97AA00B6FA98 /* PBXTargetDependency */,
			);
			name = VidEngineTests;
			productName = VidEngineTests;
			productReference = 63DEAA531CAC97AA00B6FA98 /* VidEngineTests.xctest */;
			productType = "com.apple.product-type.bundle.unit-test";
		};
		63DEAA5D1CAC97AA00B6FA98 /* VidEngineUITests */ = {
			isa = PBXNativeTarget;
			buildConfigurationList = 63DEAA6D1CAC97AA00B6FA98 /* Build configuration list for PBXNativeTarget "VidEngineUITests" */;
			buildPhases = (
				63DEAA5A1CAC97AA00B6FA98 /* Sources */,
				63DEAA5B1CAC97AA00B6FA98 /* Frameworks */,
				63DEAA5C1CAC97AA00B6FA98 /* Resources */,
			);
			buildRules = (
			);
			dependencies = (
				63DEAA601CAC97AA00B6FA98 /* PBXTargetDependency */,
			);
			name = VidEngineUITests;
			productName = VidEngineUITests;
			productReference = 63DEAA5E1CAC97AA00B6FA98 /* VidEngine.xctest */;
			productType = "com.apple.product-type.bundle.ui-testing";
		};
/* End PBXNativeTarget section */

/* Begin PBXProject section */
		63DEAA351CAC97AA00B6FA98 /* Project object */ = {
			isa = PBXProject;
			attributes = {
				LastSwiftUpdateCheck = 0730;
				LastUpgradeCheck = 0800;
				ORGANIZATIONNAME = "David Gavilan";
				TargetAttributes = {
					63DEAA3C1CAC97AA00B6FA98 = {
						CreatedOnToolsVersion = 7.3;
						DevelopmentTeam = 7JBVTX94L2;
						LastSwiftMigration = 0800;
					};
					63DEAA521CAC97AA00B6FA98 = {
						CreatedOnToolsVersion = 7.3;
						LastSwiftMigration = 0800;
						TestTargetID = 63DEAA3C1CAC97AA00B6FA98;
					};
					63DEAA5D1CAC97AA00B6FA98 = {
						CreatedOnToolsVersion = 7.3;
						LastSwiftMigration = 0800;
						TestTargetID = 63DEAA3C1CAC97AA00B6FA98;
					};
				};
			};
			buildConfigurationList = 63DEAA381CAC97AA00B6FA98 /* Build configuration list for PBXProject "VidEngine" */;
			compatibilityVersion = "Xcode 3.2";
			developmentRegion = English;
			hasScannedForEncodings = 0;
			knownRegions = (
				en,
				Base,
			);
			mainGroup = 63DEAA341CAC97AA00B6FA98;
			productRefGroup = 63DEAA3E1CAC97AA00B6FA98 /* Products */;
			projectDirPath = "";
			projectRoot = "";
			targets = (
				63DEAA3C1CAC97AA00B6FA98 /* VidEngine */,
				63DEAA521CAC97AA00B6FA98 /* VidEngineTests */,
				63DEAA5D1CAC97AA00B6FA98 /* VidEngineUITests */,
			);
		};
/* End PBXProject section */

/* Begin PBXResourcesBuildPhase section */
		63DEAA3B1CAC97AA00B6FA98 /* Resources */ = {
			isa = PBXResourcesBuildPhase;
			buildActionMask = 2147483647;
			files = (
				63DEAA4D1CAC97AA00B6FA98 /* LaunchScreen.storyboard in Resources */,
				63EA89071D1F1E9B00B97B99 /* Rain_Background-Mike_Koenig.mp3 in Resources */,
				6365986E1D78191A009C5215 /* CornellBox.mdla in Resources */,
				63DEAA4A1CAC97AA00B6FA98 /* Assets.xcassets in Resources */,
				63DEAA481CAC97AA00B6FA98 /* Main.storyboard in Resources */,
			);
			runOnlyForDeploymentPostprocessing = 0;
		};
		63DEAA511CAC97AA00B6FA98 /* Resources */ = {
			isa = PBXResourcesBuildPhase;
			buildActionMask = 2147483647;
			files = (
			);
			runOnlyForDeploymentPostprocessing = 0;
		};
		63DEAA5C1CAC97AA00B6FA98 /* Resources */ = {
			isa = PBXResourcesBuildPhase;
			buildActionMask = 2147483647;
			files = (
			);
			runOnlyForDeploymentPostprocessing = 0;
		};
/* End PBXResourcesBuildPhase section */

/* Begin PBXSourcesBuildPhase section */
		63DEAA391CAC97AA00B6FA98 /* Sources */ = {
			isa = PBXSourcesBuildPhase;
			buildActionMask = 2147483647;
			files = (
				63E6229E1D78CDF900CAEF58 /* MdlParser.swift in Sources */,
				6302B96C1EDC22C9008DC90D /* Texture.swift in Sources */,
				6312964D1D6A1FD000E5979E /* Spherical.swift in Sources */,
				637358791DAABE1D00C3FE3B /* Sprites.metal in Sources */,
				63D0E6C51D532C12004DF37E /* RainPlugin.swift in Sources */,
				63DEAA451CAC97AA00B6FA98 /* Shaders.metal in Sources */,
				63E622AD1D7EACCF00CAEF58 /* DeferredShadingPlugin.swift in Sources */,
				63D0E6D71D5F77C3004DF37E /* Camera.swift in Sources */,
				63E622B31D87E50A00CAEF58 /* DeferredLightingPlugin.swift in Sources */,
				63DEAA431CAC97AA00B6FA98 /* GameViewController.swift in Sources */,
				63E622B11D87E23000CAEF58 /* LightSource.swift in Sources */,
				63D0E6CB1D5F1853004DF37E /* Primitive.swift in Sources */,
				63DEAA411CAC97AA00B6FA98 /* AppDelegate.swift in Sources */,
				63D0E6CF1D5F2BFE004DF37E /* GfxData.swift in Sources */,
				63E622A71D7C376100CAEF58 /* Collections.swift in Sources */,
				63D0E6C91D5D1D0C004DF37E /* PrimitivePlugin.swift in Sources */,
				63E622AF1D846C7300CAEF58 /* GBuffer.swift in Sources */,
				63D0E6D31D5F746B004DF37E /* Vector.swift in Sources */,
				63D0E6DD1D5FD96F004DF37E /* Quaternion.swift in Sources */,
				637358761DAA9C6100C3FE3B /* Primitive2DPlugin.swift in Sources */,
				63D0E6E01D5FD986004DF37E /* Transform.swift in Sources */,
				63D0E6CD1D5F186D004DF37E /* CubePrimitive.swift in Sources */,
				6369BD861D4DF63500E75951 /* Fx.metal in Sources */,
				63E622A01D7B66E000CAEF58 /* Lighting.metal in Sources */,
				63EA88FF1D1ABFAF00B97B99 /* Math.swift in Sources */,
				63E622A41D7C32F500CAEF58 /* Color.swift in Sources */,
				635320D11DA30EBE00A6EF94 /* Primitive2D.swift in Sources */,
				63E6229B1D78C71C00CAEF58 /* GridScene.swift in Sources */,
				6312964B1D68BD8A00E5979E /* World.swift in Sources */,
				631A4A781D72FA86000978F6 /* SpherePrimitive.swift in Sources */,
				63EA89021D1C52D900B97B99 /* Image.swift in Sources */,
				631A4A751D72EBB7000978F6 /* PlatonicSolid.swift in Sources */,
				63E622A21D7B6B7000CAEF58 /* ShaderMath.metal in Sources */,
				63D0E6D51D5F7499004DF37E /* Matrix.swift in Sources */,
				63E622981D78C54200CAEF58 /* Scene.swift in Sources */,
				63D0E6C71D5D0E96004DF37E /* RenderManager.swift in Sources */,
				63E622AB1D7C78F400CAEF58 /* Material.swift in Sources */,
				6302B96A1EDC2142008DC90D /* FontAtlas.swift in Sources */,
				6365986B1D78173C009C5215 /* ModelPrimitive.swift in Sources */,
				63D0E6C31D532A78004DF37E /* GraphicPlugin.swift in Sources */,
			);
			runOnlyForDeploymentPostprocessing = 0;
		};
		63DEAA4F1CAC97AA00B6FA98 /* Sources */ = {
			isa = PBXSourcesBuildPhase;
			buildActionMask = 2147483647;
			files = (
				63E622A91D7C3BE000CAEF58 /* Color.swift in Sources */,
				63D0E6DE1D5FD96F004DF37E /* Quaternion.swift in Sources */,
				63D0E6D91D5FBA06004DF37E /* Math.swift in Sources */,
				63D0E6DA1D5FBA06004DF37E /* Vector.swift in Sources */,
				63E622A81D7C376100CAEF58 /* Collections.swift in Sources */,
				631A4A761D72EBB7000978F6 /* PlatonicSolid.swift in Sources */,
				63D0E6DB1D5FBA06004DF37E /* Matrix.swift in Sources */,
				63D0E6E11D5FD986004DF37E /* Transform.swift in Sources */,
				63DEAA581CAC97AA00B6FA98 /* VidEngineTests.swift in Sources */,
			);
			runOnlyForDeploymentPostprocessing = 0;
		};
		63DEAA5A1CAC97AA00B6FA98 /* Sources */ = {
			isa = PBXSourcesBuildPhase;
			buildActionMask = 2147483647;
			files = (
				63DEAA631CAC97AA00B6FA98 /* VidEngineUITests.swift in Sources */,
			);
			runOnlyForDeploymentPostprocessing = 0;
		};
/* End PBXSourcesBuildPhase section */

/* Begin PBXTargetDependency section */
		63DEAA551CAC97AA00B6FA98 /* PBXTargetDependency */ = {
			isa = PBXTargetDependency;
			target = 63DEAA3C1CAC97AA00B6FA98 /* VidEngine */;
			targetProxy = 63DEAA541CAC97AA00B6FA98 /* PBXContainerItemProxy */;
		};
		63DEAA601CAC97AA00B6FA98 /* PBXTargetDependency */ = {
			isa = PBXTargetDependency;
			target = 63DEAA3C1CAC97AA00B6FA98 /* VidEngine */;
			targetProxy = 63DEAA5F1CAC97AA00B6FA98 /* PBXContainerItemProxy */;
		};
/* End PBXTargetDependency section */

/* Begin PBXVariantGroup section */
		63DEAA461CAC97AA00B6FA98 /* Main.storyboard */ = {
			isa = PBXVariantGroup;
			children = (
				63DEAA471CAC97AA00B6FA98 /* Base */,
			);
			name = Main.storyboard;
			sourceTree = "<group>";
		};
		63DEAA4B1CAC97AA00B6FA98 /* LaunchScreen.storyboard */ = {
			isa = PBXVariantGroup;
			children = (
				63DEAA4C1CAC97AA00B6FA98 /* Base */,
			);
			name = LaunchScreen.storyboard;
			sourceTree = "<group>";
		};
/* End PBXVariantGroup section */

/* Begin XCBuildConfiguration section */
		63DEAA651CAC97AA00B6FA98 /* Debug */ = {
			isa = XCBuildConfiguration;
			buildSettings = {
				ALWAYS_SEARCH_USER_PATHS = NO;
				CLANG_ANALYZER_NONNULL = YES;
				CLANG_CXX_LANGUAGE_STANDARD = "gnu++0x";
				CLANG_CXX_LIBRARY = "libc++";
				CLANG_ENABLE_MODULES = YES;
				CLANG_ENABLE_OBJC_ARC = YES;
				CLANG_WARN_BOOL_CONVERSION = YES;
				CLANG_WARN_CONSTANT_CONVERSION = YES;
				CLANG_WARN_DIRECT_OBJC_ISA_USAGE = YES_ERROR;
				CLANG_WARN_EMPTY_BODY = YES;
				CLANG_WARN_ENUM_CONVERSION = YES;
				CLANG_WARN_INFINITE_RECURSION = YES;
				CLANG_WARN_INT_CONVERSION = YES;
				CLANG_WARN_OBJC_ROOT_CLASS = YES_ERROR;
				CLANG_WARN_SUSPICIOUS_MOVE = YES;
				CLANG_WARN_UNREACHABLE_CODE = YES;
				CLANG_WARN__DUPLICATE_METHOD_MATCH = YES;
				"CODE_SIGN_IDENTITY[sdk=iphoneos*]" = "iPhone Developer";
				COPY_PHASE_STRIP = NO;
				DEBUG_INFORMATION_FORMAT = "dwarf-with-dsym";
				ENABLE_STRICT_OBJC_MSGSEND = YES;
				ENABLE_TESTABILITY = YES;
				GCC_C_LANGUAGE_STANDARD = gnu99;
				GCC_DYNAMIC_NO_PIC = NO;
				GCC_NO_COMMON_BLOCKS = YES;
				GCC_OPTIMIZATION_LEVEL = 0;
				GCC_PREPROCESSOR_DEFINITIONS = (
					"DEBUG=1",
					"$(inherited)",
				);
				GCC_WARN_64_TO_32_BIT_CONVERSION = YES;
				GCC_WARN_ABOUT_RETURN_TYPE = YES_ERROR;
				GCC_WARN_UNDECLARED_SELECTOR = YES;
				GCC_WARN_UNINITIALIZED_AUTOS = YES_AGGRESSIVE;
				GCC_WARN_UNUSED_FUNCTION = YES;
				GCC_WARN_UNUSED_VARIABLE = YES;
				IPHONEOS_DEPLOYMENT_TARGET = 9.3;
				MTL_ENABLE_DEBUG_INFO = YES;
				ONLY_ACTIVE_ARCH = YES;
				SDKROOT = iphoneos;
				SWIFT_OPTIMIZATION_LEVEL = "-Onone";
				TARGETED_DEVICE_FAMILY = "1,2";
			};
			name = Debug;
		};
		63DEAA661CAC97AA00B6FA98 /* Release */ = {
			isa = XCBuildConfiguration;
			buildSettings = {
				ALWAYS_SEARCH_USER_PATHS = NO;
				CLANG_ANALYZER_NONNULL = YES;
				CLANG_CXX_LANGUAGE_STANDARD = "gnu++0x";
				CLANG_CXX_LIBRARY = "libc++";
				CLANG_ENABLE_MODULES = YES;
				CLANG_ENABLE_OBJC_ARC = YES;
				CLANG_WARN_BOOL_CONVERSION = YES;
				CLANG_WARN_CONSTANT_CONVERSION = YES;
				CLANG_WARN_DIRECT_OBJC_ISA_USAGE = YES_ERROR;
				CLANG_WARN_EMPTY_BODY = YES;
				CLANG_WARN_ENUM_CONVERSION = YES;
				CLANG_WARN_INFINITE_RECURSION = YES;
				CLANG_WARN_INT_CONVERSION = YES;
				CLANG_WARN_OBJC_ROOT_CLASS = YES_ERROR;
				CLANG_WARN_SUSPICIOUS_MOVE = YES;
				CLANG_WARN_UNREACHABLE_CODE = YES;
				CLANG_WARN__DUPLICATE_METHOD_MATCH = YES;
				"CODE_SIGN_IDENTITY[sdk=iphoneos*]" = "iPhone Developer";
				COPY_PHASE_STRIP = NO;
				DEBUG_INFORMATION_FORMAT = "dwarf-with-dsym";
				ENABLE_NS_ASSERTIONS = NO;
				ENABLE_STRICT_OBJC_MSGSEND = YES;
				GCC_C_LANGUAGE_STANDARD = gnu99;
				GCC_NO_COMMON_BLOCKS = YES;
				GCC_WARN_64_TO_32_BIT_CONVERSION = YES;
				GCC_WARN_ABOUT_RETURN_TYPE = YES_ERROR;
				GCC_WARN_UNDECLARED_SELECTOR = YES;
				GCC_WARN_UNINITIALIZED_AUTOS = YES_AGGRESSIVE;
				GCC_WARN_UNUSED_FUNCTION = YES;
				GCC_WARN_UNUSED_VARIABLE = YES;
				IPHONEOS_DEPLOYMENT_TARGET = 9.3;
				MTL_ENABLE_DEBUG_INFO = NO;
				SDKROOT = iphoneos;
				SWIFT_OPTIMIZATION_LEVEL = "-Owholemodule";
				TARGETED_DEVICE_FAMILY = "1,2";
				VALIDATE_PRODUCT = YES;
			};
			name = Release;
		};
		63DEAA681CAC97AA00B6FA98 /* Debug */ = {
			isa = XCBuildConfiguration;
			buildSettings = {
				ASSETCATALOG_COMPILER_APPICON_NAME = AppIcon;
				DEVELOPMENT_TEAM = 7JBVTX94L2;
				INFOPLIST_FILE = VidEngine/Info.plist;
				LD_RUNPATH_SEARCH_PATHS = "$(inherited) @executable_path/Frameworks";
				PRODUCT_BUNDLE_IDENTIFIER = com.endavid.VidEngine;
				PRODUCT_NAME = VidEngine;
				SWIFT_VERSION = 3.0;
			};
			name = Debug;
		};
		63DEAA691CAC97AA00B6FA98 /* Release */ = {
			isa = XCBuildConfiguration;
			buildSettings = {
				ASSETCATALOG_COMPILER_APPICON_NAME = AppIcon;
				DEVELOPMENT_TEAM = 7JBVTX94L2;
				INFOPLIST_FILE = VidEngine/Info.plist;
				LD_RUNPATH_SEARCH_PATHS = "$(inherited) @executable_path/Frameworks";
				PRODUCT_BUNDLE_IDENTIFIER = com.endavid.VidEngine;
				PRODUCT_NAME = VidEngine;
				SWIFT_VERSION = 3.0;
			};
			name = Release;
		};
		63DEAA6B1CAC97AA00B6FA98 /* Debug */ = {
			isa = XCBuildConfiguration;
			buildSettings = {
				BUNDLE_LOADER = "$(TEST_HOST)";
				DEBUG_INFORMATION_FORMAT = dwarf;
				INFOPLIST_FILE = VidEngineTests/Info.plist;
				LD_RUNPATH_SEARCH_PATHS = "$(inherited) @executable_path/Frameworks @loader_path/Frameworks";
				PRODUCT_BUNDLE_IDENTIFIER = com.endavid.VidEngineTests;
				PRODUCT_NAME = VidEngineTests;
				SWIFT_VERSION = 3.0;
				TEST_HOST = "$(BUILT_PRODUCTS_DIR)/VidEngine.app/VidEngine";
			};
			name = Debug;
		};
		63DEAA6C1CAC97AA00B6FA98 /* Release */ = {
			isa = XCBuildConfiguration;
			buildSettings = {
				BUNDLE_LOADER = "$(TEST_HOST)";
				INFOPLIST_FILE = VidEngineTests/Info.plist;
				LD_RUNPATH_SEARCH_PATHS = "$(inherited) @executable_path/Frameworks @loader_path/Frameworks";
				PRODUCT_BUNDLE_IDENTIFIER = com.endavid.VidEngineTests;
				PRODUCT_NAME = VidEngineTests;
				SWIFT_VERSION = 3.0;
				TEST_HOST = "$(BUILT_PRODUCTS_DIR)/VidEngine.app/VidEngine";
			};
			name = Release;
		};
		63DEAA6E1CAC97AA00B6FA98 /* Debug */ = {
			isa = XCBuildConfiguration;
			buildSettings = {
				DEBUG_INFORMATION_FORMAT = dwarf;
				INFOPLIST_FILE = VidEngineUITests/Info.plist;
				LD_RUNPATH_SEARCH_PATHS = "$(inherited) @executable_path/Frameworks @loader_path/Frameworks";
				PRODUCT_BUNDLE_IDENTIFIER = com.endavid.VidEngineUITests;
				PRODUCT_NAME = VidEngine;
				SWIFT_VERSION = 3.0;
				TEST_TARGET_NAME = VidEngine;
			};
			name = Debug;
		};
		63DEAA6F1CAC97AA00B6FA98 /* Release */ = {
			isa = XCBuildConfiguration;
			buildSettings = {
				INFOPLIST_FILE = VidEngineUITests/Info.plist;
				LD_RUNPATH_SEARCH_PATHS = "$(inherited) @executable_path/Frameworks @loader_path/Frameworks";
				PRODUCT_BUNDLE_IDENTIFIER = com.endavid.VidEngineUITests;
				PRODUCT_NAME = VidEngine;
				SWIFT_VERSION = 3.0;
				TEST_TARGET_NAME = VidEngine;
			};
			name = Release;
		};
/* End XCBuildConfiguration section */

/* Begin XCConfigurationList section */
		63DEAA381CAC97AA00B6FA98 /* Build configuration list for PBXProject "VidEngine" */ = {
			isa = XCConfigurationList;
			buildConfigurations = (
				63DEAA651CAC97AA00B6FA98 /* Debug */,
				63DEAA661CAC97AA00B6FA98 /* Release */,
			);
			defaultConfigurationIsVisible = 0;
			defaultConfigurationName = Release;
		};
		63DEAA671CAC97AA00B6FA98 /* Build configuration list for PBXNativeTarget "VidEngine" */ = {
			isa = XCConfigurationList;
			buildConfigurations = (
				63DEAA681CAC97AA00B6FA98 /* Debug */,
				63DEAA691CAC97AA00B6FA98 /* Release */,
			);
			defaultConfigurationIsVisible = 0;
			defaultConfigurationName = Release;
		};
		63DEAA6A1CAC97AA00B6FA98 /* Build configuration list for PBXNativeTarget "VidEngineTests" */ = {
			isa = XCConfigurationList;
			buildConfigurations = (
				63DEAA6B1CAC97AA00B6FA98 /* Debug */,
				63DEAA6C1CAC97AA00B6FA98 /* Release */,
			);
			defaultConfigurationIsVisible = 0;
			defaultConfigurationName = Release;
		};
		63DEAA6D1CAC97AA00B6FA98 /* Build configuration list for PBXNativeTarget "VidEngineUITests" */ = {
			isa = XCConfigurationList;
			buildConfigurations = (
				63DEAA6E1CAC97AA00B6FA98 /* Debug */,
				63DEAA6F1CAC97AA00B6FA98 /* Release */,
			);
			defaultConfigurationIsVisible = 0;
			defaultConfigurationName = Release;
		};
/* End XCConfigurationList section */
	};
	rootObject = 63DEAA351CAC97AA00B6FA98 /* Project object */;
}
